// !$*UTF8*$!
{
	archiveVersion = 1;
	classes = {
	};
	objectVersion = 56;
	objects = {

/* Begin PBXBuildFile section */
		6703E67D3007A173000B3226 /* icon_2048.png in Resources */ = {isa = PBXBuildFile; fileRef = 6703E67C3007A173000B3226 /* icon_2048.png */; };
		6703E67F3007A17A000B3226 /* 2048-merge-blocks.html in Resources */ = {isa = PBXBuildFile; fileRef = 6703E67E3007A17A000B3226 /* 2048-merge-blocks.html */; };
		67050086303DD9D30096E2BC /* icon_arrowexit.png in Resources */ = {isa = PBXBuildFile; fileRef = 67050085303DD9D30096E2BC /* icon_arrowexit.png */; };
		6705008C303DDA090096E2BC /* arrow-exit.html in Resources */ = {isa = PBXBuildFile; fileRef = 6705008B303DDA090096E2BC /* arrow-exit.html */; };
		67050092303DDCB10096E2BC /* billiards.html in Resources */ = {isa = PBXBuildFile; fileRef = 67050091303DDCB10096E2BC /* billiards.html */; };
		67050094303DDD240096E2BC /* icon_billiards.png in Resources */ = {isa = PBXBuildFile; fileRef = 67050093303DDD240096E2BC /* icon_billiards.png */; };
		67050096303DDFB80096E2BC /* icon_arrowshapes.png in Resources */ = {isa = PBXBuildFile; fileRef = 67050095303DDFB80096E2BC /* icon_arrowshapes.png */; };
		67050098303DDFC80096E2BC /* arrow-exit-shapes.html in Resources */ = {isa = PBXBuildFile; fileRef = 67050097303DDFC80096E2BC /* arrow-exit-shapes.html */; };
		6731DF28300FD9510070AC8B /* privacy.html in Resources */ = {isa = PBXBuildFile; fileRef = 6731DF27300FD9510070AC8B /* privacy.html */; };
		6731DF2C300FDCA90070AC8B /* support.html in Resources */ = {isa = PBXBuildFile; fileRef = 6731DF2B300FDCA90070AC8B /* support.html */; };
		6731DF2E300FDEF70070AC8B /* trophies.html in Resources */ = {isa = PBXBuildFile; fileRef = 6731DF2D300FDEF70070AC8B /* trophies.html */; };
		6731DF30300FDF040070AC8B /* achievements.js in Resources */ = {isa = PBXBuildFile; fileRef = 6731DF2F300FDF040070AC8B /* achievements.js */; };
		673925E1304AF79800DD4D36 /* snake.html in Resources */ = {isa = PBXBuildFile; fileRef = 673925E0304AF79800DD4D36 /* snake.html */; };
		673925E3304AF7B600DD4D36 /* icon_snake.png in Resources */ = {isa = PBXBuildFile; fileRef = 673925E2304AF7B600DD4D36 /* icon_snake.png */; };
		673925E5304B0C3600DD4D36 /* icon_knock-through.png in Resources */ = {isa = PBXBuildFile; fileRef = 673925E4304B0C3600DD4D36 /* icon_knock-through.png */; };
		673925E7304B0C4300DD4D36 /* knock-through.html in Resources */ = {isa = PBXBuildFile; fileRef = 673925E6304B0C4300DD4D36 /* knock-through.html */; };
		673925E9304B146F00DD4D36 /* icon_air-hockey.png in Resources */ = {isa = PBXBuildFile; fileRef = 673925E8304B146F00DD4D36 /* icon_air-hockey.png */; };
		673925EB304B147B00DD4D36 /* air-hockey.html in Resources */ = {isa = PBXBuildFile; fileRef = 673925EA304B147B00DD4D36 /* air-hockey.html */; };
		673925ED304B200800DD4D36 /* icon_carrom.png in Resources */ = {isa = PBXBuildFile; fileRef = 673925EC304B200800DD4D36 /* icon_carrom.png */; };
		673925EF304B201200DD4D36 /* carrom.html in Resources */ = {isa = PBXBuildFile; fileRef = 673925EE304B201200DD4D36 /* carrom.html */; };
		673925F1304B254F00DD4D36 /* finger-soccer.html in Resources */ = {isa = PBXBuildFile; fileRef = 673925F0304B254F00DD4D36 /* finger-soccer.html */; };
		673925F3304B255B00DD4D36 /* icon_finger-soccer.png in Resources */ = {isa = PBXBuildFile; fileRef = 673925F2304B255B00DD4D36 /* icon_finger-soccer.png */; };
		673925F5304B2DCF00DD4D36 /* icon_dots-boxes.png in Resources */ = {isa = PBXBuildFile; fileRef = 673925F4304B2DCF00DD4D36 /* icon_dots-boxes.png */; };
		673925F7304B2DDF00DD4D36 /* dots-boxes.html in Resources */ = {isa = PBXBuildFile; fileRef = 673925F6304B2DDF00DD4D36 /* dots-boxes.html */; };
		673925F9304B35B300DD4D36 /* connect4.html in Resources */ = {isa = PBXBuildFile; fileRef = 673925F8304B35B300DD4D36 /* connect4.html */; };
		673925FB304B35C000DD4D36 /* icon_connect4.png in Resources */ = {isa = PBXBuildFile; fileRef = 673925FA304B35C000DD4D36 /* icon_connect4.png */; };
		673925FD304B6EAD00DD4D36 /* icon_mancala.png in Resources */ = {isa = PBXBuildFile; fileRef = 673925FC304B6EAD00DD4D36 /* icon_mancala.png */; };
		673925FF304B6EB800DD4D36 /* mancala.html in Resources */ = {isa = PBXBuildFile; fileRef = 673925FE304B6EB800DD4D36 /* mancala.html */; };
		67392601304C0F9D00DD4D36 /* reversi.html in Resources */ = {isa = PBXBuildFile; fileRef = 67392600304C0F9D00DD4D36 /* reversi.html */; };
		67392603304C0FA800DD4D36 /* icon_reversi.png in Resources */ = {isa = PBXBuildFile; fileRef = 67392602304C0FA800DD4D36 /* icon_reversi.png */; };
		67392605304C1B7400DD4D36 /* icon_backgammon.png in Resources */ = {isa = PBXBuildFile; fileRef = 67392604304C1B7400DD4D36 /* icon_backgammon.png */; };
		67392607304C1B7D00DD4D36 /* backgammon.html in Resources */ = {isa = PBXBuildFile; fileRef = 67392606304C1B7D00DD4D36 /* backgammon.html */; };
		67392609304C22FF00DD4D36 /* icon_dominoes.png in Resources */ = {isa = PBXBuildFile; fileRef = 67392608304C22FF00DD4D36 /* icon_dominoes.png */; };
		6739260B304C230C00DD4D36 /* dominoes.html in Resources */ = {isa = PBXBuildFile; fileRef = 6739260A304C230C00DD4D36 /* dominoes.html */; };
		6739260D304C360E00DD4D36 /* last-letters.html in Resources */ = {isa = PBXBuildFile; fileRef = 6739260C304C360E00DD4D36 /* last-letters.html */; };
		6739260F304C362200DD4D36 /* icon_last-letters.png in Resources */ = {isa = PBXBuildFile; fileRef = 6739260E304C362200DD4D36 /* icon_last-letters.png */; };
		67392611304C366A00DD4D36 /* icon_petal-words.png in Resources */ = {isa = PBXBuildFile; fileRef = 67392610304C366A00DD4D36 /* icon_petal-words.png */; };
		67392613304C367900DD4D36 /* petal-words.html in Resources */ = {isa = PBXBuildFile; fileRef = 67392612304C367900DD4D36 /* petal-words.html */; };
		6761C90E30495EB70050EC58 /* nullpoints.html in Resources */ = {isa = PBXBuildFile; fileRef = 6761C90D30495EB70050EC58 /* nullpoints.html */; };
		6761C91030495EC50050EC58 /* icon_nullpoints.png in Resources */ = {isa = PBXBuildFile; fileRef = 6761C90F30495EC50050EC58 /* icon_nullpoints.png */; };
		6761C912304969D20050EC58 /* icon_wordguess.png in Resources */ = {isa = PBXBuildFile; fileRef = 6761C911304969D20050EC58 /* icon_wordguess.png */; };
		6761C914304969DD0050EC58 /* word-guess.html in Resources */ = {isa = PBXBuildFile; fileRef = 6761C913304969DD0050EC58 /* word-guess.html */; };
		6761C91630496FFC0050EC58 /* icon_spinny-letters.png in Resources */ = {isa = PBXBuildFile; fileRef = 6761C91530496FFC0050EC58 /* icon_spinny-letters.png */; };
		6761C9183049700B0050EC58 /* spinny-letters.html in Resources */ = {isa = PBXBuildFile; fileRef = 6761C9173049700B0050EC58 /* spinny-letters.html */; };
		6761C91E30497A1A0050EC58 /* icon_empty-hand.png in Resources */ = {isa = PBXBuildFile; fileRef = 6761C91D30497A1A0050EC58 /* icon_empty-hand.png */; };
		6761C92230497A3B0050EC58 /* empty-hand.html in Resources */ = {isa = PBXBuildFile; fileRef = 6761C92130497A3B0050EC58 /* empty-hand.html */; };
		6761C92630498D240050EC58 /* icon_cat-poopers.png in Resources */ = {isa = PBXBuildFile; fileRef = 6761C92530498D240050EC58 /* icon_cat-poopers.png */; };
		6761C92830498D320050EC58 /* cat-poopers.html in Resources */ = {isa = PBXBuildFile; fileRef = 6761C92730498D320050EC58 /* cat-poopers.html */; };
		6761C92A30498E2A0050EC58 /* one-false-step.html in Resources */ = {isa = PBXBuildFile; fileRef = 6761C92930498E2A0050EC58 /* one-false-step.html */; };
		6761C92C30498E3F0050EC58 /* icon_one-false-step.png in Resources */ = {isa = PBXBuildFile; fileRef = 6761C92B30498E3F0050EC58 /* icon_one-false-step.png */; };
		6761C92E30498EF10050EC58 /* solitaire-tower.html in Resources */ = {isa = PBXBuildFile; fileRef = 6761C92D30498EF10050EC58 /* solitaire-tower.html */; };
		6761C93030498EFD0050EC58 /* icon_solitaire-tower.png in Resources */ = {isa = PBXBuildFile; fileRef = 6761C92F30498EFD0050EC58 /* icon_solitaire-tower.png */; };
		6761C932304995620050EC58 /* word-points.html in Resources */ = {isa = PBXBuildFile; fileRef = 6761C931304995620050EC58 /* word-points.html */; };
		6761C934304995740050EC58 /* icon_word-points.png in Resources */ = {isa = PBXBuildFile; fileRef = 6761C933304995740050EC58 /* icon_word-points.png */; };
		6761C9363049962A0050EC58 /* icon_cup-run.png in Resources */ = {isa = PBXBuildFile; fileRef = 6761C9353049962A0050EC58 /* icon_cup-run.png */; };
		6761C93D304999900050EC58 /* icon_sea-battle.png in Resources */ = {isa = PBXBuildFile; fileRef = 6761C93B304999900050EC58 /* icon_sea-battle.png */; };
		6761C93E304999900050EC58 /* frog-jump.html in Resources */ = {isa = PBXBuildFile; fileRef = 6761C938304999900050EC58 /* frog-jump.html */; };
		6761C93F304999900050EC58 /* icon_frog-jump.png in Resources */ = {isa = PBXBuildFile; fileRef = 6761C93A304999900050EC58 /* icon_frog-jump.png */; };
		6761C940304999900050EC58 /* sea-battle.html in Resources */ = {isa = PBXBuildFile; fileRef = 6761C93C304999900050EC58 /* sea-battle.html */; };
		6761C941304999900050EC58 /* five-dice.html in Resources */ = {isa = PBXBuildFile; fileRef = 6761C937304999900050EC58 /* five-dice.html */; };
		6761C942304999900050EC58 /* icon_five-dice.png in Resources */ = {isa = PBXBuildFile; fileRef = 6761C939304999900050EC58 /* icon_five-dice.png */; };
		6761C9443049D1FD0050EC58 /* maze-escape.html in Resources */ = {isa = PBXBuildFile; fileRef = 6761C9433049D1FD0050EC58 /* maze-escape.html */; };
		6761C9463049D2090050EC58 /* icon_maze-escape.png in Resources */ = {isa = PBXBuildFile; fileRef = 6761C9453049D2090050EC58 /* icon_maze-escape.png */; };
		6761C9483049D2E80050EC58 /* icon_snug-fit.png in Resources */ = {isa = PBXBuildFile; fileRef = 6761C9473049D2E80050EC58 /* icon_snug-fit.png */; };
		6761C94A3049D2F40050EC58 /* snug-fit.html in Resources */ = {isa = PBXBuildFile; fileRef = 6761C9493049D2F40050EC58 /* snug-fit.html */; };
		6761C94C3049D97B0050EC58 /* TiltBridge.swift in Sources */ = {isa = PBXBuildFile; fileRef = 6761C94B3049D97B0050EC58 /* TiltBridge.swift */; };
		6761C9523049E7370050EC58 /* icon_sudoku.png in Resources */ = {isa = PBXBuildFile; fileRef = 6761C9513049E7370050EC58 /* icon_sudoku.png */; };
		6761C9543049E7470050EC58 /* sudoku.html in Resources */ = {isa = PBXBuildFile; fileRef = 6761C9533049E7470050EC58 /* sudoku.html */; };
		6761C9563049FFFE0050EC58 /* icon_water-sort.png in Resources */ = {isa = PBXBuildFile; fileRef = 6761C9553049FFFE0050EC58 /* icon_water-sort.png */; };
		6761C958304A00100050EC58 /* water-sort.html in Resources */ = {isa = PBXBuildFile; fileRef = 6761C957304A00100050EC58 /* water-sort.html */; };
		6761C95A304A03A10050EC58 /* icon_mahjong.png in Resources */ = {isa = PBXBuildFile; fileRef = 6761C959304A03A10050EC58 /* icon_mahjong.png */; };
		6761C95C304A03BB0050EC58 /* mahjong.html in Resources */ = {isa = PBXBuildFile; fileRef = 6761C95B304A03BB0050EC58 /* mahjong.html */; };
		6761C95E304A069B0050EC58 /* icon_picture-logic.png in Resources */ = {isa = PBXBuildFile; fileRef = 6761C95D304A069B0050EC58 /* icon_picture-logic.png */; };
		6761C960304A06B30050EC58 /* picture-logic.html in Resources */ = {isa = PBXBuildFile; fileRef = 6761C95F304A06B30050EC58 /* picture-logic.html */; };
		6761C962304A099E0050EC58 /* spider.html in Resources */ = {isa = PBXBuildFile; fileRef = 6761C961304A099E0050EC58 /* spider.html */; };
		6761C964304A09B40050EC58 /* icon_spider.png in Resources */ = {isa = PBXBuildFile; fileRef = 6761C963304A09B40050EC58 /* icon_spider.png */; };
		6761C966304A0D7D0050EC58 /* icon_freecell.png in Resources */ = {isa = PBXBuildFile; fileRef = 6761C965304A0D7D0050EC58 /* icon_freecell.png */; };
		6761C968304A0D8A0050EC58 /* freecell.html in Resources */ = {isa = PBXBuildFile; fileRef = 6761C967304A0D8A0050EC58 /* freecell.html */; };
		6761C96A304A10BD0050EC58 /* mine-hunt.html in Resources */ = {isa = PBXBuildFile; fileRef = 6761C969304A10BD0050EC58 /* mine-hunt.html */; };
		6761C96C304A10D00050EC58 /* icon_mine-hunt.png in Resources */ = {isa = PBXBuildFile; fileRef = 6761C96B304A10D00050EC58 /* icon_mine-hunt.png */; };
		6761C96E304A14E10050EC58 /* icon_word-search.png in Resources */ = {isa = PBXBuildFile; fileRef = 6761C96D304A14E10050EC58 /* icon_word-search.png */; };
		6761C970304A14F10050EC58 /* word-search.html in Resources */ = {isa = PBXBuildFile; fileRef = 6761C96F304A14F10050EC58 /* word-search.html */; };
		67C106F9304AB3D800B0B866 /* icon_loose-ends.png in Resources */ = {isa = PBXBuildFile; fileRef = 67C106F8304AB3D800B0B866 /* icon_loose-ends.png */; };
		67C106FB304AB3E400B0B866 /* loose-ends.html in Resources */ = {isa = PBXBuildFile; fileRef = 67C106FA304AB3E400B0B866 /* loose-ends.html */; };
		67C56404300CD0A600D2D146 /* icon_Ludo.png in Resources */ = {isa = PBXBuildFile; fileRef = 67C56403300CD0A600D2D146 /* icon_Ludo.png */; };
		67C56406300CD0AF00D2D146 /* icon_scopa.png in Resources */ = {isa = PBXBuildFile; fileRef = 67C56405300CD0AF00D2D146 /* icon_scopa.png */; };
		67C56408300CD0BA00D2D146 /* ludo.html in Resources */ = {isa = PBXBuildFile; fileRef = 67C56407300CD0BA00D2D146 /* ludo.html */; };
		67C5640A300CD0C200D2D146 /* scopa.html in Resources */ = {isa = PBXBuildFile; fileRef = 67C56409300CD0C200D2D146 /* scopa.html */; };
		67C5640C300CD3C900D2D146 /* index.html in Resources */ = {isa = PBXBuildFile; fileRef = 67C5640B300CD3C900D2D146 /* index.html */; };
		67D823872FFEDC9900892511 /* icon_octo.png in Resources */ = {isa = PBXBuildFile; fileRef = 67D823862FFEDC9900892511 /* icon_octo.png */; };
		67D8238B2FFF955C00892511 /* octo.html in Resources */ = {isa = PBXBuildFile; fileRef = 67D8238A2FFF955C00892511 /* octo.html */; };
		67D8238E2FFFA18C00892511 /* chess.html in Resources */ = {isa = PBXBuildFile; fileRef = 67D8238D2FFFA18C00892511 /* chess.html */; };
		67D8238F2FFFA18C00892511 /* checkers.html in Resources */ = {isa = PBXBuildFile; fileRef = 67D8238C2FFFA18C00892511 /* checkers.html */; };
		67D823922FFFA1EB00892511 /* icon_checkers.png in Resources */ = {isa = PBXBuildFile; fileRef = 67D823902FFFA1EB00892511 /* icon_checkers.png */; };
		67D823932FFFA1EB00892511 /* icon_chess.png in Resources */ = {isa = PBXBuildFile; fileRef = 67D823912FFFA1EB00892511 /* icon_chess.png */; };
		67D8239B2FFFA51400892511 /* Assets.xcassets in Resources */ = {isa = PBXBuildFile; fileRef = 67D8239A2FFFA51400892511 /* Assets.xcassets */; };
		67D8239D2FFFA7ED00892511 /* solitaire.html in Resources */ = {isa = PBXBuildFile; fileRef = 67D8239C2FFFA7ED00892511 /* solitaire.html */; };
		67D8239F2FFFA7F800892511 /* icon_solitaire.png in Resources */ = {isa = PBXBuildFile; fileRef = 67D8239E2FFFA7F800892511 /* icon_solitaire.png */; };
		67D823A12FFFAD1C00892511 /* icon_bubbleshooter.png in Resources */ = {isa = PBXBuildFile; fileRef = 67D823A02FFFAD1C00892511 /* icon_bubbleshooter.png */; };
		67D823A32FFFAD7700892511 /* bubbleshooter.html in Resources */ = {isa = PBXBuildFile; fileRef = 67D823A22FFFAD7700892511 /* bubbleshooter.html */; };
		67D823AD2FFFBBCD00892511 /* anagram-crosswords.html in Resources */ = {isa = PBXBuildFile; fileRef = 67D823AC2FFFBBCD00892511 /* anagram-crosswords.html */; };
		67D823B32FFFBBEC00892511 /* icon_anagram-crosswords.png in Resources */ = {isa = PBXBuildFile; fileRef = 67D823B22FFFBBEC00892511 /* icon_anagram-crosswords.png */; };
		67E1D1F730261BB3002AEE31 /* england-football-coach.html in Resources */ = {isa = PBXBuildFile; fileRef = 67E1D1F630261BB3002AEE31 /* england-football-coach.html */; };
		AA0000000000000000000002 /* GamesGardenApp.swift in Sources */ = {isa = PBXBuildFile; fileRef = AA0000000000000000000005 /* GamesGardenApp.swift */; };
		AA0000000000000000000008 /* ContentView.swift in Sources */ = {isa = PBXBuildFile; fileRef = AA000000000000000000000B /* ContentView.swift */; };
		AA000000000000000000000F /* welcome.png in Resources */ = {isa = PBXBuildFile; fileRef = AA0000000000000000000001 /* welcome.png */; };
/* End PBXBuildFile section */

/* Begin PBXFileReference section */
		6703E67C3007A173000B3226 /* icon_2048.png */ = {isa = PBXFileReference; lastKnownFileType = image.png; path = icon_2048.png; sourceTree = "<group>"; };
		6703E67E3007A17A000B3226 /* 2048-merge-blocks.html */ = {isa = PBXFileReference; lastKnownFileType = text.html; path = "2048-merge-blocks.html"; sourceTree = "<group>"; };
		67050085303DD9D30096E2BC /* icon_arrowexit.png */ = {isa = PBXFileReference; lastKnownFileType = image.png; path = icon_arrowexit.png; sourceTree = "<group>"; };
		6705008B303DDA090096E2BC /* arrow-exit.html */ = {isa = PBXFileReference; lastKnownFileType = text.html; path = "arrow-exit.html"; sourceTree = "<group>"; };
		67050091303DDCB10096E2BC /* billiards.html */ = {isa = PBXFileReference; lastKnownFileType = text.html; path = billiards.html; sourceTree = "<group>"; };
		67050093303DDD240096E2BC /* icon_billiards.png */ = {isa = PBXFileReference; lastKnownFileType = image.png; path = icon_billiards.png; sourceTree = "<group>"; };
		67050095303DDFB80096E2BC /* icon_arrowshapes.png */ = {isa = PBXFileReference; lastKnownFileType = image.png; path = icon_arrowshapes.png; sourceTree = "<group>"; };
		67050097303DDFC80096E2BC /* arrow-exit-shapes.html */ = {isa = PBXFileReference; lastKnownFileType = text.html; path = "arrow-exit-shapes.html"; sourceTree = "<group>"; };
		6731DF27300FD9510070AC8B /* privacy.html */ = {isa = PBXFileReference; lastKnownFileType = text.html; path = privacy.html; sourceTree = "<group>"; };
		6731DF2B300FDCA90070AC8B /* support.html */ = {isa = PBXFileReference; lastKnownFileType = text.html; path = support.html; sourceTree = "<group>"; };
		6731DF2D300FDEF70070AC8B /* trophies.html */ = {isa = PBXFileReference; lastKnownFileType = text.html; path = trophies.html; sourceTree = "<group>"; };
		6731DF2F300FDF040070AC8B /* achievements.js */ = {isa = PBXFileReference; lastKnownFileType = sourcecode.javascript; path = achievements.js; sourceTree = "<group>"; };
		673925E0304AF79800DD4D36 /* snake.html */ = {isa = PBXFileReference; lastKnownFileType = text.html; path = snake.html; sourceTree = "<group>"; };
		673925E2304AF7B600DD4D36 /* icon_snake.png */ = {isa = PBXFileReference; lastKnownFileType = image.png; path = icon_snake.png; sourceTree = "<group>"; };
		673925E4304B0C3600DD4D36 /* icon_knock-through.png */ = {isa = PBXFileReference; lastKnownFileType = image.png; path = "icon_knock-through.png"; sourceTree = "<group>"; };
		673925E6304B0C4300DD4D36 /* knock-through.html */ = {isa = PBXFileReference; lastKnownFileType = text.html; path = "knock-through.html"; sourceTree = "<group>"; };
		673925E8304B146F00DD4D36 /* icon_air-hockey.png */ = {isa = PBXFileReference; lastKnownFileType = image.png; path = "icon_air-hockey.png"; sourceTree = "<group>"; };
		673925EA304B147B00DD4D36 /* air-hockey.html */ = {isa = PBXFileReference; lastKnownFileType = text.html; path = "air-hockey.html"; sourceTree = "<group>"; };
		673925EC304B200800DD4D36 /* icon_carrom.png */ = {isa = PBXFileReference; lastKnownFileType = image.png; path = icon_carrom.png; sourceTree = "<group>"; };
		673925EE304B201200DD4D36 /* carrom.html */ = {isa = PBXFileReference; lastKnownFileType = text.html; path = carrom.html; sourceTree = "<group>"; };
		673925F0304B254F00DD4D36 /* finger-soccer.html */ = {isa = PBXFileReference; lastKnownFileType = text.html; path = "finger-soccer.html"; sourceTree = "<group>"; };
		673925F2304B255B00DD4D36 /* icon_finger-soccer.png */ = {isa = PBXFileReference; lastKnownFileType = image.png; path = "icon_finger-soccer.png"; sourceTree = "<group>"; };
		673925F4304B2DCF00DD4D36 /* icon_dots-boxes.png */ = {isa = PBXFileReference; lastKnownFileType = image.png; path = "icon_dots-boxes.png"; sourceTree = "<group>"; };
		673925F6304B2DDF00DD4D36 /* dots-boxes.html */ = {isa = PBXFileReference; lastKnownFileType = text.html; path = "dots-boxes.html"; sourceTree = "<group>"; };
		673925F8304B35B300DD4D36 /* connect4.html */ = {isa = PBXFileReference; lastKnownFileType = text.html; path = connect4.html; sourceTree = "<group>"; };
		673925FA304B35C000DD4D36 /* icon_connect4.png */ = {isa = PBXFileReference; lastKnownFileType = image.png; path = icon_connect4.png; sourceTree = "<group>"; };
		673925FC304B6EAD00DD4D36 /* icon_mancala.png */ = {isa = PBXFileReference; lastKnownFileType = image.png; path = icon_mancala.png; sourceTree = "<group>"; };
		673925FE304B6EB800DD4D36 /* mancala.html */ = {isa = PBXFileReference; lastKnownFileType = text.html; path = mancala.html; sourceTree = "<group>"; };
		67392600304C0F9D00DD4D36 /* reversi.html */ = {isa = PBXFileReference; lastKnownFileType = text.html; path = reversi.html; sourceTree = "<group>"; };
		67392602304C0FA800DD4D36 /* icon_reversi.png */ = {isa = PBXFileReference; lastKnownFileType = image.png; path = icon_reversi.png; sourceTree = "<group>"; };
		67392604304C1B7400DD4D36 /* icon_backgammon.png */ = {isa = PBXFileReference; lastKnownFileType = image.png; path = icon_backgammon.png; sourceTree = "<group>"; };
		67392606304C1B7D00DD4D36 /* backgammon.html */ = {isa = PBXFileReference; lastKnownFileType = text.html; path = backgammon.html; sourceTree = "<group>"; };
		67392608304C22FF00DD4D36 /* icon_dominoes.png */ = {isa = PBXFileReference; lastKnownFileType = image.png; path = icon_dominoes.png; sourceTree = "<group>"; };
		6739260A304C230C00DD4D36 /* dominoes.html */ = {isa = PBXFileReference; lastKnownFileType = text.html; path = dominoes.html; sourceTree = "<group>"; };
		6739260C304C360E00DD4D36 /* last-letters.html */ = {isa = PBXFileReference; lastKnownFileType = text.html; path = "last-letters.html"; sourceTree = "<group>"; };
		6739260E304C362200DD4D36 /* icon_last-letters.png */ = {isa = PBXFileReference; lastKnownFileType = image.png; path = "icon_last-letters.png"; sourceTree = "<group>"; };
		67392610304C366A00DD4D36 /* icon_petal-words.png */ = {isa = PBXFileReference; lastKnownFileType = image.png; path = "icon_petal-words.png"; sourceTree = "<group>"; };
		67392612304C367900DD4D36 /* petal-words.html */ = {isa = PBXFileReference; lastKnownFileType = text.html; path = "petal-words.html"; sourceTree = "<group>"; };
		6761C90D30495EB70050EC58 /* nullpoints.html */ = {isa = PBXFileReference; lastKnownFileType = text.html; path = nullpoints.html; sourceTree = "<group>"; };
		6761C90F30495EC50050EC58 /* icon_nullpoints.png */ = {isa = PBXFileReference; lastKnownFileType = image.png; path = icon_nullpoints.png; sourceTree = "<group>"; };
		6761C911304969D20050EC58 /* icon_wordguess.png */ = {isa = PBXFileReference; lastKnownFileType = image.png; path = icon_wordguess.png; sourceTree = "<group>"; };
		6761C913304969DD0050EC58 /* word-guess.html */ = {isa = PBXFileReference; lastKnownFileType = text.html; path = "word-guess.html"; sourceTree = "<group>"; };
		6761C91530496FFC0050EC58 /* icon_spinny-letters.png */ = {isa = PBXFileReference; lastKnownFileType = image.png; path = "icon_spinny-letters.png"; sourceTree = "<group>"; };
		6761C9173049700B0050EC58 /* spinny-letters.html */ = {isa = PBXFileReference; lastKnownFileType = text.html; path = "spinny-letters.html"; sourceTree = "<group>"; };
		6761C91D30497A1A0050EC58 /* icon_empty-hand.png */ = {isa = PBXFileReference; lastKnownFileType = image.png; path = "icon_empty-hand.png"; sourceTree = "<group>"; };
		6761C92130497A3B0050EC58 /* empty-hand.html */ = {isa = PBXFileReference; lastKnownFileType = text.html; path = "empty-hand.html"; sourceTree = "<group>"; };
		6761C92530498D240050EC58 /* icon_cat-poopers.png */ = {isa = PBXFileReference; lastKnownFileType = image.png; path = "icon_cat-poopers.png"; sourceTree = "<group>"; };
		6761C92730498D320050EC58 /* cat-poopers.html */ = {isa = PBXFileReference; lastKnownFileType = text.html; path = "cat-poopers.html"; sourceTree = "<group>"; };
		6761C92930498E2A0050EC58 /* one-false-step.html */ = {isa = PBXFileReference; lastKnownFileType = text.html; path = "one-false-step.html"; sourceTree = "<group>"; };
		6761C92B30498E3F0050EC58 /* icon_one-false-step.png */ = {isa = PBXFileReference; lastKnownFileType = image.png; path = "icon_one-false-step.png"; sourceTree = "<group>"; };
		6761C92D30498EF10050EC58 /* solitaire-tower.html */ = {isa = PBXFileReference; lastKnownFileType = text.html; path = "solitaire-tower.html"; sourceTree = "<group>"; };
		6761C92F30498EFD0050EC58 /* icon_solitaire-tower.png */ = {isa = PBXFileReference; lastKnownFileType = image.png; path = "icon_solitaire-tower.png"; sourceTree = "<group>"; };
		6761C931304995620050EC58 /* word-points.html */ = {isa = PBXFileReference; lastKnownFileType = text.html; path = "word-points.html"; sourceTree = "<group>"; };
		6761C933304995740050EC58 /* icon_word-points.png */ = {isa = PBXFileReference; lastKnownFileType = image.png; path = "icon_word-points.png"; sourceTree = "<group>"; };
		6761C9353049962A0050EC58 /* icon_cup-run.png */ = {isa = PBXFileReference; lastKnownFileType = image.png; path = "icon_cup-run.png"; sourceTree = "<group>"; };
		6761C937304999900050EC58 /* five-dice.html */ = {isa = PBXFileReference; lastKnownFileType = text.html; path = "five-dice.html"; sourceTree = "<group>"; };
		6761C938304999900050EC58 /* frog-jump.html */ = {isa = PBXFileReference; lastKnownFileType = text.html; path = "frog-jump.html"; sourceTree = "<group>"; };
		6761C939304999900050EC58 /* icon_five-dice.png */ = {isa = PBXFileReference; lastKnownFileType = image.png; path = "icon_five-dice.png"; sourceTree = "<group>"; };
		6761C93A304999900050EC58 /* icon_frog-jump.png */ = {isa = PBXFileReference; lastKnownFileType = image.png; path = "icon_frog-jump.png"; sourceTree = "<group>"; };
		6761C93B304999900050EC58 /* icon_sea-battle.png */ = {isa = PBXFileReference; lastKnownFileType = image.png; path = "icon_sea-battle.png"; sourceTree = "<group>"; };
		6761C93C304999900050EC58 /* sea-battle.html */ = {isa = PBXFileReference; lastKnownFileType = text.html; path = "sea-battle.html"; sourceTree = "<group>"; };
		6761C9433049D1FD0050EC58 /* maze-escape.html */ = {isa = PBXFileReference; lastKnownFileType = text.html; path = "maze-escape.html"; sourceTree = "<group>"; };
		6761C9453049D2090050EC58 /* icon_maze-escape.png */ = {isa = PBXFileReference; lastKnownFileType = image.png; path = "icon_maze-escape.png"; sourceTree = "<group>"; };
		6761C9473049D2E80050EC58 /* icon_snug-fit.png */ = {isa = PBXFileReference; lastKnownFileType = image.png; path = "icon_snug-fit.png"; sourceTree = "<group>"; };
		6761C9493049D2F40050EC58 /* snug-fit.html */ = {isa = PBXFileReference; lastKnownFileType = text.html; path = "snug-fit.html"; sourceTree = "<group>"; };
		6761C94B3049D97B0050EC58 /* TiltBridge.swift */ = {isa = PBXFileReference; lastKnownFileType = sourcecode.swift; path = TiltBridge.swift; sourceTree = "<group>"; };
		6761C9513049E7370050EC58 /* icon_sudoku.png */ = {isa = PBXFileReference; lastKnownFileType = image.png; path = icon_sudoku.png; sourceTree = "<group>"; };
		6761C9533049E7470050EC58 /* sudoku.html */ = {isa = PBXFileReference; lastKnownFileType = text.html; path = sudoku.html; sourceTree = "<group>"; };
		6761C9553049FFFE0050EC58 /* icon_water-sort.png */ = {isa = PBXFileReference; lastKnownFileType = image.png; path = "icon_water-sort.png"; sourceTree = "<group>"; };
		6761C957304A00100050EC58 /* water-sort.html */ = {isa = PBXFileReference; lastKnownFileType = text.html; path = "water-sort.html"; sourceTree = "<group>"; };
		6761C959304A03A10050EC58 /* icon_mahjong.png */ = {isa = PBXFileReference; lastKnownFileType = image.png; path = icon_mahjong.png; sourceTree = "<group>"; };
		6761C95B304A03BB0050EC58 /* mahjong.html */ = {isa = PBXFileReference; lastKnownFileType = text.html; path = mahjong.html; sourceTree = "<group>"; };
		6761C95D304A069B0050EC58 /* icon_picture-logic.png */ = {isa = PBXFileReference; lastKnownFileType = image.png; path = "icon_picture-logic.png"; sourceTree = "<group>"; };
		6761C95F304A06B30050EC58 /* picture-logic.html */ = {isa = PBXFileReference; lastKnownFileType = text.html; path = "picture-logic.html"; sourceTree = "<group>"; };
		6761C961304A099E0050EC58 /* spider.html */ = {isa = PBXFileReference; lastKnownFileType = text.html; path = spider.html; sourceTree = "<group>"; };
		6761C963304A09B40050EC58 /* icon_spider.png */ = {isa = PBXFileReference; lastKnownFileType = image.png; path = icon_spider.png; sourceTree = "<group>"; };
		6761C965304A0D7D0050EC58 /* icon_freecell.png */ = {isa = PBXFileReference; lastKnownFileType = image.png; path = icon_freecell.png; sourceTree = "<group>"; };
		6761C967304A0D8A0050EC58 /* freecell.html */ = {isa = PBXFileReference; lastKnownFileType = text.html; path = freecell.html; sourceTree = "<group>"; };
		6761C969304A10BD0050EC58 /* mine-hunt.html */ = {isa = PBXFileReference; lastKnownFileType = text.html; path = "mine-hunt.html"; sourceTree = "<group>"; };
		6761C96B304A10D00050EC58 /* icon_mine-hunt.png */ = {isa = PBXFileReference; lastKnownFileType = image.png; path = "icon_mine-hunt.png"; sourceTree = "<group>"; };
		6761C96D304A14E10050EC58 /* icon_word-search.png */ = {isa = PBXFileReference; lastKnownFileType = image.png; path = "icon_word-search.png"; sourceTree = "<group>"; };
		6761C96F304A14F10050EC58 /* word-search.html */ = {isa = PBXFileReference; lastKnownFileType = text.html; path = "word-search.html"; sourceTree = "<group>"; };
		67C106F8304AB3D800B0B866 /* icon_loose-ends.png */ = {isa = PBXFileReference; lastKnownFileType = image.png; path = "icon_loose-ends.png"; sourceTree = "<group>"; };
		67C106FA304AB3E400B0B866 /* loose-ends.html */ = {isa = PBXFileReference; lastKnownFileType = text.html; path = "loose-ends.html"; sourceTree = "<group>"; };
		67C56403300CD0A600D2D146 /* icon_Ludo.png */ = {isa = PBXFileReference; lastKnownFileType = image.png; path = icon_Ludo.png; sourceTree = "<group>"; };
		67C56405300CD0AF00D2D146 /* icon_scopa.png */ = {isa = PBXFileReference; lastKnownFileType = image.png; path = icon_scopa.png; sourceTree = "<group>"; };
		67C56407300CD0BA00D2D146 /* ludo.html */ = {isa = PBXFileReference; lastKnownFileType = text.html; path = ludo.html; sourceTree = "<group>"; };
		67C56409300CD0C200D2D146 /* scopa.html */ = {isa = PBXFileReference; lastKnownFileType = text.html; path = scopa.html; sourceTree = "<group>"; };
		67C5640B300CD3C900D2D146 /* index.html */ = {isa = PBXFileReference; lastKnownFileType = text.html; path = index.html; sourceTree = "<group>"; };
		67D823862FFEDC9900892511 /* icon_octo.png */ = {isa = PBXFileReference; lastKnownFileType = image.png; path = icon_octo.png; sourceTree = "<group>"; };
		67D8238A2FFF955C00892511 /* octo.html */ = {isa = PBXFileReference; lastKnownFileType = text.html; path = octo.html; sourceTree = "<group>"; };
		67D8238C2FFFA18C00892511 /* checkers.html */ = {isa = PBXFileReference; lastKnownFileType = text.html; path = checkers.html; sourceTree = "<group>"; };
		67D8238D2FFFA18C00892511 /* chess.html */ = {isa = PBXFileReference; lastKnownFileType = text.html; path = chess.html; sourceTree = "<group>"; };
		67D823902FFFA1EB00892511 /* icon_checkers.png */ = {isa = PBXFileReference; lastKnownFileType = image.png; path = icon_checkers.png; sourceTree = "<group>"; };
		67D823912FFFA1EB00892511 /* icon_chess.png */ = {isa = PBXFileReference; lastKnownFileType = image.png; path = icon_chess.png; sourceTree = "<group>"; };
		67D8239A2FFFA51400892511 /* Assets.xcassets */ = {isa = PBXFileReference; lastKnownFileType = folder.assetcatalog; path = Assets.xcassets; sourceTree = "<group>"; };
		67D8239C2FFFA7ED00892511 /* solitaire.html */ = {isa = PBXFileReference; lastKnownFileType = text.html; path = solitaire.html; sourceTree = "<group>"; };
		67D8239E2FFFA7F800892511 /* icon_solitaire.png */ = {isa = PBXFileReference; lastKnownFileType = image.png; path = icon_solitaire.png; sourceTree = "<group>"; };
		67D823A02FFFAD1C00892511 /* icon_bubbleshooter.png */ = {isa = PBXFileReference; lastKnownFileType = image.png; path = icon_bubbleshooter.png; sourceTree = "<group>"; };
		67D823A22FFFAD7700892511 /* bubbleshooter.html */ = {isa = PBXFileReference; lastKnownFileType = text.html; path = bubbleshooter.html; sourceTree = "<group>"; };
		67D823AC2FFFBBCD00892511 /* anagram-crosswords.html */ = {isa = PBXFileReference; lastKnownFileType = text.html; path = "anagram-crosswords.html"; sourceTree = "<group>"; };
		67D823B22FFFBBEC00892511 /* icon_anagram-crosswords.png */ = {isa = PBXFileReference; lastKnownFileType = image.png; path = "icon_anagram-crosswords.png"; sourceTree = "<group>"; };
		67E1D1F630261BB3002AEE31 /* england-football-coach.html */ = {isa = PBXFileReference; lastKnownFileType = text.html; path = "england-football-coach.html"; sourceTree = "<group>"; };
		AA0000000000000000000001 /* welcome.png */ = {isa = PBXFileReference; lastKnownFileType = image.png; path = welcome.png; sourceTree = "<group>"; };
		AA0000000000000000000005 /* GamesGardenApp.swift */ = {isa = PBXFileReference; lastKnownFileType = sourcecode.swift; path = GamesGardenApp.swift; sourceTree = "<group>"; };
		AA000000000000000000000B /* ContentView.swift */ = {isa = PBXFileReference; lastKnownFileType = sourcecode.swift; path = ContentView.swift; sourceTree = "<group>"; };
		F19999999999999999999999 /* GamesGarden.app */ = {isa = PBXFileReference; explicitFileType = wrapper.application; includeInIndex = 0; path = GamesGarden.app; sourceTree = BUILT_PRODUCTS_DIR; };
/* End PBXFileReference section */

/* Begin PBXFrameworksBuildPhase section */
		B19999999999999999999993 /* Frameworks */ = {
			isa = PBXFrameworksBuildPhase;
			buildActionMask = 2147483647;
			files = (
			);
			runOnlyForDeploymentPostprocessing = 0;
		};
/* End PBXFrameworksBuildPhase section */

/* Begin PBXGroup section */
		C19999999999999999999991 = {
			isa = PBXGroup;
			children = (
				C19999999999999999999993 /* GamesGarden */,
				C19999999999999999999992 /* Products */,
			);
			sourceTree = "<group>";
		};
		C19999999999999999999992 /* Products */ = {
			isa = PBXGroup;
			children = (
				F19999999999999999999999 /* GamesGarden.app */,
			);
			name = Products;
			sourceTree = "<group>";
		};
		C19999999999999999999993 /* GamesGarden */ = {
			isa = PBXGroup;
			children = (
				AA0000000000000000000005 /* GamesGardenApp.swift */,
				AA000000000000000000000B /* ContentView.swift */,
				6761C94B3049D97B0050EC58 /* TiltBridge.swift */,
				6731DF2F300FDF040070AC8B /* achievements.js */,
				67C5640B300CD3C900D2D146 /* index.html */,
				6703E67E3007A17A000B3226 /* 2048-merge-blocks.html */,
				673925EA304B147B00DD4D36 /* air-hockey.html */,
				67D823AC2FFFBBCD00892511 /* anagram-crosswords.html */,
				6705008B303DDA090096E2BC /* arrow-exit.html */,
				67050097303DDFC80096E2BC /* arrow-exit-shapes.html */,
				67392606304C1B7D00DD4D36 /* backgammon.html */,
				67050091303DDCB10096E2BC /* billiards.html */,
				67D823A22FFFAD7700892511 /* bubbleshooter.html */,
				673925EE304B201200DD4D36 /* carrom.html */,
				6761C92730498D320050EC58 /* cat-poopers.html */,
				67D8238C2FFFA18C00892511 /* checkers.html */,
				67D8238D2FFFA18C00892511 /* chess.html */,
				673925F8304B35B300DD4D36 /* connect4.html */,
				6739260A304C230C00DD4D36 /* dominoes.html */,
				673925F6304B2DDF00DD4D36 /* dots-boxes.html */,
				67E1D1F630261BB3002AEE31 /* england-football-coach.html */,
				6761C92130497A3B0050EC58 /* empty-hand.html */,
				673925F0304B254F00DD4D36 /* finger-soccer.html */,
				6761C937304999900050EC58 /* five-dice.html */,
				6761C967304A0D8A0050EC58 /* freecell.html */,
				6761C938304999900050EC58 /* frog-jump.html */,
				673925E6304B0C4300DD4D36 /* knock-through.html */,
				6739260C304C360E00DD4D36 /* last-letters.html */,
				67C106FA304AB3E400B0B866 /* loose-ends.html */,
				67C56407300CD0BA00D2D146 /* ludo.html */,
				6761C95B304A03BB0050EC58 /* mahjong.html */,
				673925FE304B6EB800DD4D36 /* mancala.html */,
				6761C9433049D1FD0050EC58 /* maze-escape.html */,
				6761C969304A10BD0050EC58 /* mine-hunt.html */,
				6761C90D30495EB70050EC58 /* nullpoints.html */,
				67D8238A2FFF955C00892511 /* octo.html */,
				6761C92930498E2A0050EC58 /* one-false-step.html */,
				67392612304C367900DD4D36 /* petal-words.html */,
				6761C95F304A06B30050EC58 /* picture-logic.html */,
				6731DF27300FD9510070AC8B /* privacy.html */,
				67392600304C0F9D00DD4D36 /* reversi.html */,
				67C56409300CD0C200D2D146 /* scopa.html */,
				6761C93C304999900050EC58 /* sea-battle.html */,
				673925E0304AF79800DD4D36 /* snake.html */,
				6761C9493049D2F40050EC58 /* snug-fit.html */,
				67D8239C2FFFA7ED00892511 /* solitaire.html */,
				6761C92D30498EF10050EC58 /* solitaire-tower.html */,
				6761C9173049700B0050EC58 /* spinny-letters.html */,
				6761C961304A099E0050EC58 /* spider.html */,
				6761C9533049E7470050EC58 /* sudoku.html */,
				6731DF2B300FDCA90070AC8B /* support.html */,
				6731DF2D300FDEF70070AC8B /* trophies.html */,
				6761C957304A00100050EC58 /* water-sort.html */,
				6761C931304995620050EC58 /* word-points.html */,
				6761C913304969DD0050EC58 /* word-guess.html */,
				6761C96F304A14F10050EC58 /* word-search.html */,
				AA0000000000000000000001 /* welcome.png */,
				6703E67C3007A173000B3226 /* icon_2048.png */,
				673925E8304B146F00DD4D36 /* icon_air-hockey.png */,
				67D823B22FFFBBEC00892511 /* icon_anagram-crosswords.png */,
				67050085303DD9D30096E2BC /* icon_arrowexit.png */,
				67050095303DDFB80096E2BC /* icon_arrowshapes.png */,
				67392604304C1B7400DD4D36 /* icon_backgammon.png */,
				67050093303DDD240096E2BC /* icon_billiards.png */,
				67D823A02FFFAD1C00892511 /* icon_bubbleshooter.png */,
				673925EC304B200800DD4D36 /* icon_carrom.png */,
				6761C92530498D240050EC58 /* icon_cat-poopers.png */,
				67D823902FFFA1EB00892511 /* icon_checkers.png */,
				67D823912FFFA1EB00892511 /* icon_chess.png */,
				673925FA304B35C000DD4D36 /* icon_connect4.png */,
				6761C9353049962A0050EC58 /* icon_cup-run.png */,
				67392608304C22FF00DD4D36 /* icon_dominoes.png */,
				673925F4304B2DCF00DD4D36 /* icon_dots-boxes.png */,
				6761C91D30497A1A0050EC58 /* icon_empty-hand.png */,
				673925F2304B255B00DD4D36 /* icon_finger-soccer.png */,
				6761C965304A0D7D0050EC58 /* icon_freecell.png */,
				6761C939304999900050EC58 /* icon_five-dice.png */,
				6761C93A304999900050EC58 /* icon_frog-jump.png */,
				673925E4304B0C3600DD4D36 /* icon_knock-through.png */,
				6739260E304C362200DD4D36 /* icon_last-letters.png */,
				67C106F8304AB3D800B0B866 /* icon_loose-ends.png */,
				67C56403300CD0A600D2D146 /* icon_Ludo.png */,
				6761C959304A03A10050EC58 /* icon_mahjong.png */,
				673925FC304B6EAD00DD4D36 /* icon_mancala.png */,
				6761C9453049D2090050EC58 /* icon_maze-escape.png */,
				6761C96B304A10D00050EC58 /* icon_mine-hunt.png */,
				6761C90F30495EC50050EC58 /* icon_nullpoints.png */,
				67D823862FFEDC9900892511 /* icon_octo.png */,
				6761C92B30498E3F0050EC58 /* icon_one-false-step.png */,
				67392610304C366A00DD4D36 /* icon_petal-words.png */,
				6761C95D304A069B0050EC58 /* icon_picture-logic.png */,
				67392602304C0FA800DD4D36 /* icon_reversi.png */,
				67C56405300CD0AF00D2D146 /* icon_scopa.png */,
				6761C93B304999900050EC58 /* icon_sea-battle.png */,
				673925E2304AF7B600DD4D36 /* icon_snake.png */,
				6761C9473049D2E80050EC58 /* icon_snug-fit.png */,
				67D8239E2FFFA7F800892511 /* icon_solitaire.png */,
				6761C92F30498EFD0050EC58 /* icon_solitaire-tower.png */,
				6761C91530496FFC0050EC58 /* icon_spinny-letters.png */,
				6761C963304A09B40050EC58 /* icon_spider.png */,
				6761C9513049E7370050EC58 /* icon_sudoku.png */,
				6761C9553049FFFE0050EC58 /* icon_water-sort.png */,
				6761C933304995740050EC58 /* icon_word-points.png */,
				6761C96D304A14E10050EC58 /* icon_word-search.png */,
				6761C911304969D20050EC58 /* icon_wordguess.png */,
				67D8239A2FFFA51400892511 /* Assets.xcassets */,
			);
			path = GamesGarden;
			sourceTree = "<group>";
		};
/* End PBXGroup section */

/* Begin PBXNativeTarget section */
		D19999999999999999999991 /* GamesGarden */ = {
			isa = PBXNativeTarget;
			buildConfigurationList = E19999999999999999999992 /* Build configuration list for PBXNativeTarget "GamesGarden" */;
			buildPhases = (
				B19999999999999999999991 /* Sources */,
				B19999999999999999999993 /* Frameworks */,
				B19999999999999999999992 /* Resources */,
			);
			buildRules = (
			);
			dependencies = (
			);
			name = GamesGarden;
			productName = GamesGarden;
			productReference = F19999999999999999999999 /* GamesGarden.app */;
			productType = "com.apple.product-type.application";
		};
/* End PBXNativeTarget section */

/* Begin PBXProject section */
		D19999999999999999999992 /* Project object */ = {
			isa = PBXProject;
			attributes = {
				BuildIndependentTargetsInParallel = 1;
				LastSwiftUpdateCheck = 1500;
				LastUpgradeCheck = 1500;
				TargetAttributes = {
					D19999999999999999999991 = {
						CreatedOnToolsVersion = 15.0;
					};
				};
			};
			buildConfigurationList = E19999999999999999999991 /* Build configuration list for PBXProject "GamesGarden" */;
			compatibilityVersion = "Xcode 14.0";
			developmentRegion = en;
			hasScannedForEncodings = 0;
			knownRegions = (
				en,
				Base,
			);
			mainGroup = C19999999999999999999991;
			productRefGroup = C19999999999999999999992 /* Products */;
			projectDirPath = "";
			projectRoot = "";
			targets = (
				D19999999999999999999991 /* GamesGarden */,
			);
		};
/* End PBXProject section */

/* Begin PBXResourcesBuildPhase section */
		B19999999999999999999992 /* Resources */ = {
			isa = PBXResourcesBuildPhase;
			buildActionMask = 2147483647;
			files = (
				67C56406300CD0AF00D2D146 /* icon_scopa.png in Resources */,
				67392613304C367900DD4D36 /* petal-words.html in Resources */,
				67050094303DDD240096E2BC /* icon_billiards.png in Resources */,
				6761C958304A00100050EC58 /* water-sort.html in Resources */,
				6761C914304969DD0050EC58 /* word-guess.html in Resources */,
				6739260D304C360E00DD4D36 /* last-letters.html in Resources */,
				6731DF30300FDF040070AC8B /* achievements.js in Resources */,
				6761C95C304A03BB0050EC58 /* mahjong.html in Resources */,
				6761C9183049700B0050EC58 /* spinny-letters.html in Resources */,
				6761C9483049D2E80050EC58 /* icon_snug-fit.png in Resources */,
				67C106FB304AB3E400B0B866 /* loose-ends.html in Resources */,
				6761C934304995740050EC58 /* icon_word-points.png in Resources */,
				6731DF2E300FDEF70070AC8B /* trophies.html in Resources */,
				673925E7304B0C4300DD4D36 /* knock-through.html in Resources */,
				6731DF2C300FDCA90070AC8B /* support.html in Resources */,
				673925F3304B255B00DD4D36 /* icon_finger-soccer.png in Resources */,
				673925F7304B2DDF00DD4D36 /* dots-boxes.html in Resources */,
				67D8239F2FFFA7F800892511 /* icon_solitaire.png in Resources */,
				673925FD304B6EAD00DD4D36 /* icon_mancala.png in Resources */,
				6761C9563049FFFE0050EC58 /* icon_water-sort.png in Resources */,
				6761C9363049962A0050EC58 /* icon_cup-run.png in Resources */,
				67D823A12FFFAD1C00892511 /* icon_bubbleshooter.png in Resources */,
				67392611304C366A00DD4D36 /* icon_petal-words.png in Resources */,
				6705008C303DDA090096E2BC /* arrow-exit.html in Resources */,
				67C5640C300CD3C900D2D146 /* index.html in Resources */,
				673925FF304B6EB800DD4D36 /* mancala.html in Resources */,
				6761C92E30498EF10050EC58 /* solitaire-tower.html in Resources */,
				6761C9443049D1FD0050EC58 /* maze-escape.html in Resources */,
				6761C912304969D20050EC58 /* icon_wordguess.png in Resources */,
				6761C9463049D2090050EC58 /* icon_maze-escape.png in Resources */,
				6761C92630498D240050EC58 /* icon_cat-poopers.png in Resources */,
				6761C96E304A14E10050EC58 /* icon_word-search.png in Resources */,
				67050096303DDFB80096E2BC /* icon_arrowshapes.png in Resources */,
				67392605304C1B7400DD4D36 /* icon_backgammon.png in Resources */,
				6739260F304C362200DD4D36 /* icon_last-letters.png in Resources */,
				6761C92A30498E2A0050EC58 /* one-false-step.html in Resources */,
				67C56408300CD0BA00D2D146 /* ludo.html in Resources */,
				673925F1304B254F00DD4D36 /* finger-soccer.html in Resources */,
				6761C94A3049D2F40050EC58 /* snug-fit.html in Resources */,
				67D823872FFEDC9900892511 /* icon_octo.png in Resources */,
				67D823922FFFA1EB00892511 /* icon_checkers.png in Resources */,
				673925F9304B35B300DD4D36 /* connect4.html in Resources */,
				6761C964304A09B40050EC58 /* icon_spider.png in Resources */,
				67050092303DDCB10096E2BC /* billiards.html in Resources */,
				6761C96A304A10BD0050EC58 /* mine-hunt.html in Resources */,
				6761C970304A14F10050EC58 /* word-search.html in Resources */,
				67392603304C0FA800DD4D36 /* icon_reversi.png in Resources */,
				6761C90E30495EB70050EC58 /* nullpoints.html in Resources */,
				6761C960304A06B30050EC58 /* picture-logic.html in Resources */,
				67D823932FFFA1EB00892511 /* icon_chess.png in Resources */,
				673925E5304B0C3600DD4D36 /* icon_knock-through.png in Resources */,
				6761C92830498D320050EC58 /* cat-poopers.html in Resources */,
				6761C93030498EFD0050EC58 /* icon_solitaire-tower.png in Resources */,
				673925EF304B201200DD4D36 /* carrom.html in Resources */,
				6731DF28300FD9510070AC8B /* privacy.html in Resources */,
				673925E9304B146F00DD4D36 /* icon_air-hockey.png in Resources */,
				6703E67F3007A17A000B3226 /* 2048-merge-blocks.html in Resources */,
				6703E67D3007A173000B3226 /* icon_2048.png in Resources */,
				673925EB304B147B00DD4D36 /* air-hockey.html in Resources */,
				6761C9523049E7370050EC58 /* icon_sudoku.png in Resources */,
				6761C93D304999900050EC58 /* icon_sea-battle.png in Resources */,
				6761C93E304999900050EC58 /* frog-jump.html in Resources */,
				6761C93F304999900050EC58 /* icon_frog-jump.png in Resources */,
				6761C95E304A069B0050EC58 /* icon_picture-logic.png in Resources */,
				6761C940304999900050EC58 /* sea-battle.html in Resources */,
				6761C941304999900050EC58 /* five-dice.html in Resources */,
				6761C942304999900050EC58 /* icon_five-dice.png in Resources */,
				67392601304C0F9D00DD4D36 /* reversi.html in Resources */,
				673925ED304B200800DD4D36 /* icon_carrom.png in Resources */,
				67D823A32FFFAD7700892511 /* bubbleshooter.html in Resources */,
				673925E1304AF79800DD4D36 /* snake.html in Resources */,
				67D8238E2FFFA18C00892511 /* chess.html in Resources */,
				67D8239B2FFFA51400892511 /* Assets.xcassets in Resources */,
				6761C932304995620050EC58 /* word-points.html in Resources */,
				6761C968304A0D8A0050EC58 /* freecell.html in Resources */,
				67D8238F2FFFA18C00892511 /* checkers.html in Resources */,
				6761C95A304A03A10050EC58 /* icon_mahjong.png in Resources */,
				6739260B304C230C00DD4D36 /* dominoes.html in Resources */,
				6761C91030495EC50050EC58 /* icon_nullpoints.png in Resources */,
				67392609304C22FF00DD4D36 /* icon_dominoes.png in Resources */,
				673925FB304B35C000DD4D36 /* icon_connect4.png in Resources */,
				67C56404300CD0A600D2D146 /* icon_Ludo.png in Resources */,
				6761C92230497A3B0050EC58 /* empty-hand.html in Resources */,
				67E1D1F730261BB3002AEE31 /* england-football-coach.html in Resources */,
				6761C96C304A10D00050EC58 /* icon_mine-hunt.png in Resources */,
				67050098303DDFC80096E2BC /* arrow-exit-shapes.html in Resources */,
				67D8239D2FFFA7ED00892511 /* solitaire.html in Resources */,
				6761C966304A0D7D0050EC58 /* icon_freecell.png in Resources */,
				6761C91E30497A1A0050EC58 /* icon_empty-hand.png in Resources */,
				67392607304C1B7D00DD4D36 /* backgammon.html in Resources */,
				6761C9543049E7470050EC58 /* sudoku.html in Resources */,
				67D8238B2FFF955C00892511 /* octo.html in Resources */,
				AA000000000000000000000F /* welcome.png in Resources */,
				673925F5304B2DCF00DD4D36 /* icon_dots-boxes.png in Resources */,
				6761C92C30498E3F0050EC58 /* icon_one-false-step.png in Resources */,
				67050086303DD9D30096E2BC /* icon_arrowexit.png in Resources */,
				6761C91630496FFC0050EC58 /* icon_spinny-letters.png in Resources */,
				67C106F9304AB3D800B0B866 /* icon_loose-ends.png in Resources */,
				67D823AD2FFFBBCD00892511 /* anagram-crosswords.html in Resources */,
				673925E3304AF7B600DD4D36 /* icon_snake.png in Resources */,
				6761C962304A099E0050EC58 /* spider.html in Resources */,
				67C5640A300CD0C200D2D146 /* scopa.html in Resources */,
				67D823B32FFFBBEC00892511 /* icon_anagram-crosswords.png in Resources */,
			);
			runOnlyForDeploymentPostprocessing = 0;
		};
/* End PBXResourcesBuildPhase section */

/* Begin PBXSourcesBuildPhase section */
		B19999999999999999999991 /* Sources */ = {
			isa = PBXSourcesBuildPhase;
			buildActionMask = 2147483647;
			files = (
				AA0000000000000000000002 /* GamesGardenApp.swift in Sources */,
				AA0000000000000000000008 /* ContentView.swift in Sources */,
				6761C94C3049D97B0050EC58 /* TiltBridge.swift in Sources */,
			);
			runOnlyForDeploymentPostprocessing = 0;
		};
/* End PBXSourcesBuildPhase section */

/* Begin XCBuildConfiguration section */
		E19999999999999999999993 /* Debug */ = {
			isa = XCBuildConfiguration;
			buildSettings = {
				ALWAYS_SEARCH_USER_PATHS = NO;
				CLANG_ENABLE_MODULES = YES;
				CLANG_ENABLE_OBJC_ARC = YES;
				COPY_PHASE_STRIP = NO;
				DEBUG_INFORMATION_FORMAT = dwarf;
				ENABLE_TESTABILITY = YES;
				GCC_C_LANGUAGE_STANDARD = gnu17;
				GCC_OPTIMIZATION_LEVEL = 0;
				GCC_PREPROCESSOR_DEFINITIONS = (
					"DEBUG=1",
					"$(inherited)",
				);
				IPHONEOS_DEPLOYMENT_TARGET = 16.0;
				ONLY_ACTIVE_ARCH = YES;
				SDKROOT = iphoneos;
				SWIFT_ACTIVE_COMPILATION_CONDITIONS = "DEBUG $(inherited)";
				SWIFT_OPTIMIZATION_LEVEL = "-Onone";
			};
			name = Debug;
		};
		E19999999999999999999994 /* Release */ = {
			isa = XCBuildConfiguration;
			buildSettings = {
				ALWAYS_SEARCH_USER_PATHS = NO;
				CLANG_ENABLE_MODULES = YES;
				CLANG_ENABLE_OBJC_ARC = YES;
				COPY_PHASE_STRIP = NO;
				DEBUG_INFORMATION_FORMAT = "dwarf-with-dsym";
				ENABLE_NS_ASSERTIONS = NO;
				GCC_C_LANGUAGE_STANDARD = gnu17;
				IPHONEOS_DEPLOYMENT_TARGET = 16.0;
				SDKROOT = iphoneos;
				SWIFT_COMPILATION_MODE = wholemodule;
				VALIDATE_PRODUCT = YES;
			};
			name = Release;
		};
		E19999999999999999999995 /* Debug */ = {
			isa = XCBuildConfiguration;
			buildSettings = {
				ASSETCATALOG_COMPILER_APPICON_NAME = AppIcon;
				CODE_SIGN_STYLE = Automatic;
				CURRENT_PROJECT_VERSION = 1;
				DEVELOPMENT_TEAM = 59H7A8BRFT;
				ENABLE_PREVIEWS = YES;
				GENERATE_INFOPLIST_FILE = YES;
				INFOPLIST_KEY_CFBundleDisplayName = "Offline Games Arcade";
				INFOPLIST_KEY_NSMotionUsageDescription = "Used to roll the ball when you tilt your phone";
				INFOPLIST_KEY_UIApplicationSupportsIndirectInputEvents = YES;
				INFOPLIST_KEY_UILaunchScreen_Generation = YES;
				INFOPLIST_KEY_UIRequiresFullScreen = YES;
				INFOPLIST_KEY_UIStatusBarHidden = YES;
				INFOPLIST_KEY_UISupportedInterfaceOrientations = "UIInterfaceOrientationLandscapeLeft UIInterfaceOrientationLandscapeRight UIInterfaceOrientationPortrait UIInterfaceOrientationPortraitUpsideDown";
				LD_RUNPATH_SEARCH_PATHS = (
					"$(inherited)",
					"@executable_path/Frameworks",
				);
				MARKETING_VERSION = 1.0;
				PRODUCT_BUNDLE_IDENTIFIER = com.jeevan.gamesgarden;
				PRODUCT_NAME = "$(TARGET_NAME)";
				SWIFT_EMIT_LOC_STRINGS = YES;
				SWIFT_VERSION = 5.0;
				TARGETED_DEVICE_FAMILY = "1,2";
			};
			name = Debug;
		};
		E19999999999999999999996 /* Release */ = {
			isa = XCBuildConfiguration;
			buildSettings = {
				ASSETCATALOG_COMPILER_APPICON_NAME = AppIcon;
				CODE_SIGN_STYLE = Automatic;
				CURRENT_PROJECT_VERSION = 1;
				DEVELOPMENT_TEAM = 59H7A8BRFT;
				ENABLE_PREVIEWS = YES;
				GENERATE_INFOPLIST_FILE = YES;
				INFOPLIST_KEY_CFBundleDisplayName = "Offline Games Arcade";
				INFOPLIST_KEY_NSMotionUsageDescription = "Used to roll the ball when you tilt your phone";
				INFOPLIST_KEY_UIApplicationSupportsIndirectInputEvents = YES;
				INFOPLIST_KEY_UILaunchScreen_Generation = YES;
				INFOPLIST_KEY_UIRequiresFullScreen = YES;
				INFOPLIST_KEY_UIStatusBarHidden = YES;
				INFOPLIST_KEY_UISupportedInterfaceOrientations = "UIInterfaceOrientationLandscapeLeft UIInterfaceOrientationLandscapeRight UIInterfaceOrientationPortrait UIInterfaceOrientationPortraitUpsideDown";
				LD_RUNPATH_SEARCH_PATHS = (
					"$(inherited)",
					"@executable_path/Frameworks",
				);
				MARKETING_VERSION = 1.0;
				PRODUCT_BUNDLE_IDENTIFIER = com.jeevan.gamesgarden;
				PRODUCT_NAME = "$(TARGET_NAME)";
				SWIFT_EMIT_LOC_STRINGS = YES;
				SWIFT_VERSION = 5.0;
				TARGETED_DEVICE_FAMILY = "1,2";
			};
			name = Release;
		};
/* End XCBuildConfiguration section */

/* Begin XCConfigurationList section */
		E19999999999999999999991 /* Build configuration list for PBXProject "GamesGarden" */ = {
			isa = XCConfigurationList;
			buildConfigurations = (
				E19999999999999999999993 /* Debug */,
				E19999999999999999999994 /* Release */,
			);
			defaultConfigurationIsVisible = 0;
			defaultConfigurationName = Release;
		};
		E19999999999999999999992 /* Build configuration list for PBXNativeTarget "GamesGarden" */ = {
			isa = XCConfigurationList;
			buildConfigurations = (
				E19999999999999999999995 /* Debug */,
				E19999999999999999999996 /* Release */,
			);
			defaultConfigurationIsVisible = 0;
			defaultConfigurationName = Release;
		};
/* End XCConfigurationList section */
	};
	rootObject = D19999999999999999999992 /* Project object */;
}
