// !$*UTF8*$!
{
	archiveVersion = 1;
	classes = {
	};
	objectVersion = 56;
	objects = {

/* Begin PBXBuildFile section */
		6703E67D3007A173000B3226 /* icon_2048.png in Resources */ = {isa = PBXBuildFile; fileRef = 6703E67C3007A173000B3226 /* icon_2048.png */; };
		6703E67F3007A17A000B3226 /* 2048-merge-blocks.html in Resources */ = {isa = PBXBuildFile; fileRef = 6703E67E3007A17A000B3226 /* 2048-merge-blocks.html */; };
		67050086303DD9D30096E2BC /* icon_arrowexit.png in Resources */ = {isa = PBXBuildFile; fileRef = 67050085303DD9D30096E2BC /* icon_arrowexit.png */; };
		6705008C303DDA090096E2BC /* arrow-exit.html in Resources */ = {isa = PBXBuildFile; fileRef = 6705008B303DDA090096E2BC /* arrow-exit.html */; };
		67050092303DDCB10096E2BC /* billiards.html in Resources */ = {isa = PBXBuildFile; fileRef = 67050091303DDCB10096E2BC /* billiards.html */; };
		67050094303DDD240096E2BC /* icon_billiards.png in Resources */ = {isa = PBXBuildFile; fileRef = 67050093303DDD240096E2BC /* icon_billiards.png */; };
		67050096303DDFB80096E2BC /* icon_arrowshapes.png in Resources */ = {isa = PBXBuildFile; fileRef = 67050095303DDFB80096E2BC /* icon_arrowshapes.png */; };
		67050098303DDFC80096E2BC /* arrow-exit-shapes.html in Resources */ = {isa = PBXBuildFile; fileRef = 67050097303DDFC80096E2BC /* arrow-exit-shapes.html */; };
		6731DF28300FD9510070AC8B /* privacy.html in Resources */ = {isa = PBXBuildFile; fileRef = 6731DF27300FD9510070AC8B /* privacy.html */; };
		6731DF2C300FDCA90070AC8B /* support.html in Resources */ = {isa = PBXBuildFile; fileRef = 6731DF2B300FDCA90070AC8B /* support.html */; };
		6731DF2E300FDEF70070AC8B /* trophies.html in Resources */ = {isa = PBXBuildFile; fileRef = 6731DF2D300FDEF70070AC8B /* trophies.html */; };
		6731DF30300FDF040070AC8B /* achievements.js in Resources */ = {isa = PBXBuildFile; fileRef = 6731DF2F300FDF040070AC8B /* achievements.js */; };
		6761C90E30495EB70050EC58 /* nullpoints.html in Resources */ = {isa = PBXBuildFile; fileRef = 6761C90D30495EB70050EC58 /* nullpoints.html */; };
		6761C91030495EC50050EC58 /* icon_nullpoints.png in Resources */ = {isa = PBXBuildFile; fileRef = 6761C90F30495EC50050EC58 /* icon_nullpoints.png */; };
		6761C912304969D20050EC58 /* icon_wordguess.png in Resources */ = {isa = PBXBuildFile; fileRef = 6761C911304969D20050EC58 /* icon_wordguess.png */; };
		6761C914304969DD0050EC58 /* word-guess.html in Resources */ = {isa = PBXBuildFile; fileRef = 6761C913304969DD0050EC58 /* word-guess.html */; };
		6761C91630496FFC0050EC58 /* icon_spinny-letters.png in Resources */ = {isa = PBXBuildFile; fileRef = 6761C91530496FFC0050EC58 /* icon_spinny-letters.png */; };
		6761C9183049700B0050EC58 /* spinny-letters.html in Resources */ = {isa = PBXBuildFile; fileRef = 6761C9173049700B0050EC58 /* spinny-letters.html */; };
		6761C91E30497A1A0050EC58 /* icon_empty-hand.png in Resources */ = {isa = PBXBuildFile; fileRef = 6761C91D30497A1A0050EC58 /* icon_empty-hand.png */; };
		6761C92230497A3B0050EC58 /* empty-hand.html in Resources */ = {isa = PBXBuildFile; fileRef = 6761C92130497A3B0050EC58 /* empty-hand.html */; };
		6761C92630498D240050EC58 /* icon_cat-poopers.png in Resources */ = {isa = PBXBuildFile; fileRef = 6761C92530498D240050EC58 /* icon_cat-poopers.png */; };
		6761C92830498D320050EC58 /* cat-poopers.html in Resources */ = {isa = PBXBuildFile; fileRef = 6761C92730498D320050EC58 /* cat-poopers.html */; };
		6761C92A30498E2A0050EC58 /* one-false-step.html in Resources */ = {isa = PBXBuildFile; fileRef = 6761C92930498E2A0050EC58 /* one-false-step.html */; };
		6761C92C30498E3F0050EC58 /* icon_one-false-step.png in Resources */ = {isa = PBXBuildFile; fileRef = 6761C92B30498E3F0050EC58 /* icon_one-false-step.png */; };
		6761C92E30498EF10050EC58 /* solitaire-tower.html in Resources */ = {isa = PBXBuildFile; fileRef = 6761C92D30498EF10050EC58 /* solitaire-tower.html */; };
		6761C93030498EFD0050EC58 /* icon_solitaire-tower.png in Resources */ = {isa = PBXBuildFile; fileRef = 6761C92F30498EFD0050EC58 /* icon_solitaire-tower.png */; };
		6761C932304995620050EC58 /* word-points.html in Resources */ = {isa = PBXBuildFile; fileRef = 6761C931304995620050EC58 /* word-points.html */; };
		6761C934304995740050EC58 /* icon_word-points.png in Resources */ = {isa = PBXBuildFile; fileRef = 6761C933304995740050EC58 /* icon_word-points.png */; };
		6761C9363049962A0050EC58 /* icon_cup-run.png in Resources */ = {isa = PBXBuildFile; fileRef = 6761C9353049962A0050EC58 /* icon_cup-run.png */; };
		6761C93D304999900050EC58 /* icon_sea-battle.png in Resources */ = {isa = PBXBuildFile; fileRef = 6761C93B304999900050EC58 /* icon_sea-battle.png */; };
		6761C93E304999900050EC58 /* frog-jump.html in Resources */ = {isa = PBXBuildFile; fileRef = 6761C938304999900050EC58 /* frog-jump.html */; };
		6761C93F304999900050EC58 /* icon_frog-jump.png in Resources */ = {isa = PBXBuildFile; fileRef = 6761C93A304999900050EC58 /* icon_frog-jump.png */; };
		6761C940304999900050EC58 /* sea-battle.html in Resources */ = {isa = PBXBuildFile; fileRef = 6761C93C304999900050EC58 /* sea-battle.html */; };
		6761C941304999900050EC58 /* five-dice.html in Resources */ = {isa = PBXBuildFile; fileRef = 6761C937304999900050EC58 /* five-dice.html */; };
		6761C942304999900050EC58 /* icon_five-dice.png in Resources */ = {isa = PBXBuildFile; fileRef = 6761C939304999900050EC58 /* icon_five-dice.png */; };
		67C56404300CD0A600D2D146 /* icon_Ludo.png in Resources */ = {isa = PBXBuildFile; fileRef = 67C56403300CD0A600D2D146 /* icon_Ludo.png */; };
		67C56406300CD0AF00D2D146 /* icon_scopa.png in Resources */ = {isa = PBXBuildFile; fileRef = 67C56405300CD0AF00D2D146 /* icon_scopa.png */; };
		67C56408300CD0BA00D2D146 /* ludo.html in Resources */ = {isa = PBXBuildFile; fileRef = 67C56407300CD0BA00D2D146 /* ludo.html */; };
		67C5640A300CD0C200D2D146 /* scopa.html in Resources */ = {isa = PBXBuildFile; fileRef = 67C56409300CD0C200D2D146 /* scopa.html */; };
		67C5640C300CD3C900D2D146 /* index.html in Resources */ = {isa = PBXBuildFile; fileRef = 67C5640B300CD3C900D2D146 /* index.html */; };
		67D823872FFEDC9900892511 /* icon_octo.png in Resources */ = {isa = PBXBuildFile; fileRef = 67D823862FFEDC9900892511 /* icon_octo.png */; };
		67D8238B2FFF955C00892511 /* octo.html in Resources */ = {isa = PBXBuildFile; fileRef = 67D8238A2FFF955C00892511 /* octo.html */; };
		67D8238E2FFFA18C00892511 /* chess.html in Resources */ = {isa = PBXBuildFile; fileRef = 67D8238D2FFFA18C00892511 /* chess.html */; };
		67D8238F2FFFA18C00892511 /* checkers.html in Resources */ = {isa = PBXBuildFile; fileRef = 67D8238C2FFFA18C00892511 /* checkers.html */; };
		67D823922FFFA1EB00892511 /* icon_checkers.png in Resources */ = {isa = PBXBuildFile; fileRef = 67D823902FFFA1EB00892511 /* icon_checkers.png */; };
		67D823932FFFA1EB00892511 /* icon_chess.png in Resources */ = {isa = PBXBuildFile; fileRef = 67D823912FFFA1EB00892511 /* icon_chess.png */; };
		67D8239B2FFFA51400892511 /* Assets.xcassets in Resources */ = {isa = PBXBuildFile; fileRef = 67D8239A2FFFA51400892511 /* Assets.xcassets */; };
		67D8239D2FFFA7ED00892511 /* solitaire.html in Resources */ = {isa = PBXBuildFile; fileRef = 67D8239C2FFFA7ED00892511 /* solitaire.html */; };
		67D8239F2FFFA7F800892511 /* icon_solitaire.png in Resources */ = {isa = PBXBuildFile; fileRef = 67D8239E2FFFA7F800892511 /* icon_solitaire.png */; };
		67D823A12FFFAD1C00892511 /* icon_bubbleshooter.png in Resources */ = {isa = PBXBuildFile; fileRef = 67D823A02FFFAD1C00892511 /* icon_bubbleshooter.png */; };
		67D823A32FFFAD7700892511 /* bubbleshooter.html in Resources */ = {isa = PBXBuildFile; fileRef = 67D823A22FFFAD7700892511 /* bubbleshooter.html */; };
		67D823AD2FFFBBCD00892511 /* anagram-crosswords.html in Resources */ = {isa = PBXBuildFile; fileRef = 67D823AC2FFFBBCD00892511 /* anagram-crosswords.html */; };
		67D823B32FFFBBEC00892511 /* icon_anagram-crosswords.png in Resources */ = {isa = PBXBuildFile; fileRef = 67D823B22FFFBBEC00892511 /* icon_anagram-crosswords.png */; };
		67E1D1F730261BB3002AEE31 /* england-football-coach.html in Resources */ = {isa = PBXBuildFile; fileRef = 67E1D1F630261BB3002AEE31 /* england-football-coach.html */; };
		AA0000000000000000000002 /* GamesGardenApp.swift in Sources */ = {isa = PBXBuildFile; fileRef = AA0000000000000000000005 /* GamesGardenApp.swift */; };
		AA0000000000000000000008 /* ContentView.swift in Sources */ = {isa = PBXBuildFile; fileRef = AA000000000000000000000B /* ContentView.swift */; };
		AA000000000000000000000F /* welcome.png in Resources */ = {isa = PBXBuildFile; fileRef = AA0000000000000000000001 /* welcome.png */; };
/* End PBXBuildFile section */

/* Begin PBXFileReference section */
		6703E67C3007A173000B3226 /* icon_2048.png */ = {isa = PBXFileReference; lastKnownFileType = image.png; path = icon_2048.png; sourceTree = "<group>"; };
		6703E67E3007A17A000B3226 /* 2048-merge-blocks.html */ = {isa = PBXFileReference; lastKnownFileType = text.html; path = "2048-merge-blocks.html"; sourceTree = "<group>"; };
		67050085303DD9D30096E2BC /* icon_arrowexit.png */ = {isa = PBXFileReference; lastKnownFileType = image.png; path = icon_arrowexit.png; sourceTree = "<group>"; };
		6705008B303DDA090096E2BC /* arrow-exit.html */ = {isa = PBXFileReference; lastKnownFileType = text.html; path = "arrow-exit.html"; sourceTree = "<group>"; };
		67050091303DDCB10096E2BC /* billiards.html */ = {isa = PBXFileReference; lastKnownFileType = text.html; path = billiards.html; sourceTree = "<group>"; };
		67050093303DDD240096E2BC /* icon_billiards.png */ = {isa = PBXFileReference; lastKnownFileType = image.png; path = icon_billiards.png; sourceTree = "<group>"; };
		67050095303DDFB80096E2BC /* icon_arrowshapes.png */ = {isa = PBXFileReference; lastKnownFileType = image.png; path = icon_arrowshapes.png; sourceTree = "<group>"; };
		67050097303DDFC80096E2BC /* arrow-exit-shapes.html */ = {isa = PBXFileReference; lastKnownFileType = text.html; path = "arrow-exit-shapes.html"; sourceTree = "<group>"; };
		6731DF27300FD9510070AC8B /* privacy.html */ = {isa = PBXFileReference; lastKnownFileType = text.html; path = privacy.html; sourceTree = "<group>"; };
		6731DF2B300FDCA90070AC8B /* support.html */ = {isa = PBXFileReference; lastKnownFileType = text.html; path = support.html; sourceTree = "<group>"; };
		6731DF2D300FDEF70070AC8B /* trophies.html */ = {isa = PBXFileReference; lastKnownFileType = text.html; path = trophies.html; sourceTree = "<group>"; };
		6731DF2F300FDF040070AC8B /* achievements.js */ = {isa = PBXFileReference; lastKnownFileType = sourcecode.javascript; path = achievements.js; sourceTree = "<group>"; };
		6761C90D30495EB70050EC58 /* nullpoints.html */ = {isa = PBXFileReference; lastKnownFileType = text.html; path = nullpoints.html; sourceTree = "<group>"; };
		6761C90F30495EC50050EC58 /* icon_nullpoints.png */ = {isa = PBXFileReference; lastKnownFileType = image.png; path = icon_nullpoints.png; sourceTree = "<group>"; };
		6761C911304969D20050EC58 /* icon_wordguess.png */ = {isa = PBXFileReference; lastKnownFileType = image.png; path = icon_wordguess.png; sourceTree = "<group>"; };
		6761C913304969DD0050EC58 /* word-guess.html */ = {isa = PBXFileReference; lastKnownFileType = text.html; path = "word-guess.html"; sourceTree = "<group>"; };
		6761C91530496FFC0050EC58 /* icon_spinny-letters.png */ = {isa = PBXFileReference; lastKnownFileType = image.png; path = "icon_spinny-letters.png"; sourceTree = "<group>"; };
		6761C9173049700B0050EC58 /* spinny-letters.html */ = {isa = PBXFileReference; lastKnownFileType = text.html; path = "spinny-letters.html"; sourceTree = "<group>"; };
		6761C91D30497A1A0050EC58 /* icon_empty-hand.png */ = {isa = PBXFileReference; lastKnownFileType = image.png; path = "icon_empty-hand.png"; sourceTree = "<group>"; };
		6761C92130497A3B0050EC58 /* empty-hand.html */ = {isa = PBXFileReference; lastKnownFileType = text.html; path = "empty-hand.html"; sourceTree = "<group>"; };
		6761C92530498D240050EC58 /* icon_cat-poopers.png */ = {isa = PBXFileReference; lastKnownFileType = image.png; path = "icon_cat-poopers.png"; sourceTree = "<group>"; };
		6761C92730498D320050EC58 /* cat-poopers.html */ = {isa = PBXFileReference; lastKnownFileType = text.html; path = "cat-poopers.html"; sourceTree = "<group>"; };
		6761C92930498E2A0050EC58 /* one-false-step.html */ = {isa = PBXFileReference; lastKnownFileType = text.html; path = "one-false-step.html"; sourceTree = "<group>"; };
		6761C92B30498E3F0050EC58 /* icon_one-false-step.png */ = {isa = PBXFileReference; lastKnownFileType = image.png; path = "icon_one-false-step.png"; sourceTree = "<group>"; };
		6761C92D30498EF10050EC58 /* solitaire-tower.html */ = {isa = PBXFileReference; lastKnownFileType = text.html; path = "solitaire-tower.html"; sourceTree = "<group>"; };
		6761C92F30498EFD0050EC58 /* icon_solitaire-tower.png */ = {isa = PBXFileReference; lastKnownFileType = image.png; path = "icon_solitaire-tower.png"; sourceTree = "<group>"; };
		6761C931304995620050EC58 /* word-points.html */ = {isa = PBXFileReference; lastKnownFileType = text.html; path = "word-points.html"; sourceTree = "<group>"; };
		6761C933304995740050EC58 /* icon_word-points.png */ = {isa = PBXFileReference; lastKnownFileType = image.png; path = "icon_word-points.png"; sourceTree = "<group>"; };
		6761C9353049962A0050EC58 /* icon_cup-run.png */ = {isa = PBXFileReference; lastKnownFileType = image.png; path = "icon_cup-run.png"; sourceTree = "<group>"; };
		6761C937304999900050EC58 /* five-dice.html */ = {isa = PBXFileReference; lastKnownFileType = text.html; path = "five-dice.html"; sourceTree = "<group>"; };
		6761C938304999900050EC58 /* frog-jump.html */ = {isa = PBXFileReference; lastKnownFileType = text.html; path = "frog-jump.html"; sourceTree = "<group>"; };
		6761C939304999900050EC58 /* icon_five-dice.png */ = {isa = PBXFileReference; lastKnownFileType = image.png; path = "icon_five-dice.png"; sourceTree = "<group>"; };
		6761C93A304999900050EC58 /* icon_frog-jump.png */ = {isa = PBXFileReference; lastKnownFileType = image.png; path = "icon_frog-jump.png"; sourceTree = "<group>"; };
		6761C93B304999900050EC58 /* icon_sea-battle.png */ = {isa = PBXFileReference; lastKnownFileType = image.png; path = "icon_sea-battle.png"; sourceTree = "<group>"; };
		6761C93C304999900050EC58 /* sea-battle.html */ = {isa = PBXFileReference; lastKnownFileType = text.html; path = "sea-battle.html"; sourceTree = "<group>"; };
		67C56403300CD0A600D2D146 /* icon_Ludo.png */ = {isa = PBXFileReference; lastKnownFileType = image.png; path = icon_Ludo.png; sourceTree = "<group>"; };
		67C56405300CD0AF00D2D146 /* icon_scopa.png */ = {isa = PBXFileReference; lastKnownFileType = image.png; path = icon_scopa.png; sourceTree = "<group>"; };
		67C56407300CD0BA00D2D146 /* ludo.html */ = {isa = PBXFileReference; lastKnownFileType = text.html; path = ludo.html; sourceTree = "<group>"; };
		67C56409300CD0C200D2D146 /* scopa.html */ = {isa = PBXFileReference; lastKnownFileType = text.html; path = scopa.html; sourceTree = "<group>"; };
		67C5640B300CD3C900D2D146 /* index.html */ = {isa = PBXFileReference; lastKnownFileType = text.html; path = index.html; sourceTree = "<group>"; };
		67D823862FFEDC9900892511 /* icon_octo.png */ = {isa = PBXFileReference; lastKnownFileType = image.png; path = icon_octo.png; sourceTree = "<group>"; };
		67D8238A2FFF955C00892511 /* octo.html */ = {isa = PBXFileReference; lastKnownFileType = text.html; path = octo.html; sourceTree = "<group>"; };
		67D8238C2FFFA18C00892511 /* checkers.html */ = {isa = PBXFileReference; lastKnownFileType = text.html; path = checkers.html; sourceTree = "<group>"; };
		67D8238D2FFFA18C00892511 /* chess.html */ = {isa = PBXFileReference; lastKnownFileType = text.html; path = chess.html; sourceTree = "<group>"; };
		67D823902FFFA1EB00892511 /* icon_checkers.png */ = {isa = PBXFileReference; lastKnownFileType = image.png; path = icon_checkers.png; sourceTree = "<group>"; };
		67D823912FFFA1EB00892511 /* icon_chess.png */ = {isa = PBXFileReference; lastKnownFileType = image.png; path = icon_chess.png; sourceTree = "<group>"; };
		67D8239A2FFFA51400892511 /* Assets.xcassets */ = {isa = PBXFileReference; lastKnownFileType = folder.assetcatalog; path = Assets.xcassets; sourceTree = "<group>"; };
		67D8239C2FFFA7ED00892511 /* solitaire.html */ = {isa = PBXFileReference; lastKnownFileType = text.html; path = solitaire.html; sourceTree = "<group>"; };
		67D8239E2FFFA7F800892511 /* icon_solitaire.png */ = {isa = PBXFileReference; lastKnownFileType = image.png; path = icon_solitaire.png; sourceTree = "<group>"; };
		67D823A02FFFAD1C00892511 /* icon_bubbleshooter.png */ = {isa = PBXFileReference; lastKnownFileType = image.png; path = icon_bubbleshooter.png; sourceTree = "<group>"; };
		67D823A22FFFAD7700892511 /* bubbleshooter.html */ = {isa = PBXFileReference; lastKnownFileType = text.html; path = bubbleshooter.html; sourceTree = "<group>"; };
		67D823AC2FFFBBCD00892511 /* anagram-crosswords.html */ = {isa = PBXFileReference; lastKnownFileType = text.html; path = "anagram-crosswords.html"; sourceTree = "<group>"; };
		67D823B22FFFBBEC00892511 /* icon_anagram-crosswords.png */ = {isa = PBXFileReference; lastKnownFileType = image.png; path = "icon_anagram-crosswords.png"; sourceTree = "<group>"; };
		67E1D1F630261BB3002AEE31 /* england-football-coach.html */ = {isa = PBXFileReference; lastKnownFileType = text.html; path = "england-football-coach.html"; sourceTree = "<group>"; };
		AA0000000000000000000001 /* welcome.png */ = {isa = PBXFileReference; lastKnownFileType = image.png; path = welcome.png; sourceTree = "<group>"; };
		AA0000000000000000000005 /* GamesGardenApp.swift */ = {isa = PBXFileReference; lastKnownFileType = sourcecode.swift; path = GamesGardenApp.swift; sourceTree = "<group>"; };
		AA000000000000000000000B /* ContentView.swift */ = {isa = PBXFileReference; lastKnownFileType = sourcecode.swift; path = ContentView.swift; sourceTree = "<group>"; };
		F19999999999999999999999 /* GamesGarden.app */ = {isa = PBXFileReference; explicitFileType = wrapper.application; includeInIndex = 0; path = GamesGarden.app; sourceTree = BUILT_PRODUCTS_DIR; };
/* End PBXFileReference section */

/* Begin PBXFrameworksBuildPhase section */
		B19999999999999999999993 /* Frameworks */ = {
			isa = PBXFrameworksBuildPhase;
			buildActionMask = 2147483647;
			files = (
			);
			runOnlyForDeploymentPostprocessing = 0;
		};
/* End PBXFrameworksBuildPhase section */

/* Begin PBXGroup section */
		C19999999999999999999991 = {
			isa = PBXGroup;
			children = (
				C19999999999999999999993 /* GamesGarden */,
				C19999999999999999999992 /* Products */,
			);
			sourceTree = "<group>";
		};
		C19999999999999999999992 /* Products */ = {
			isa = PBXGroup;
			children = (
				F19999999999999999999999 /* GamesGarden.app */,
			);
			name = Products;
			sourceTree = "<group>";
		};
		C19999999999999999999993 /* GamesGarden */ = {
			isa = PBXGroup;
			children = (
				AA0000000000000000000005 /* GamesGardenApp.swift */,
				AA000000000000000000000B /* ContentView.swift */,
				6731DF2F300FDF040070AC8B /* achievements.js */,
				67C5640B300CD3C900D2D146 /* index.html */,
				6703E67E3007A17A000B3226 /* 2048-merge-blocks.html */,
				67D823AC2FFFBBCD00892511 /* anagram-crosswords.html */,
				6705008B303DDA090096E2BC /* arrow-exit.html */,
				67050097303DDFC80096E2BC /* arrow-exit-shapes.html */,
				67050091303DDCB10096E2BC /* billiards.html */,
				67D823A22FFFAD7700892511 /* bubbleshooter.html */,
				6761C92730498D320050EC58 /* cat-poopers.html */,
				67D8238C2FFFA18C00892511 /* checkers.html */,
				67D8238D2FFFA18C00892511 /* chess.html */,
				67E1D1F630261BB3002AEE31 /* england-football-coach.html */,
				6761C92130497A3B0050EC58 /* empty-hand.html */,
				6761C937304999900050EC58 /* five-dice.html */,
				6761C938304999900050EC58 /* frog-jump.html */,
				67C56407300CD0BA00D2D146 /* ludo.html */,
				6761C90D30495EB70050EC58 /* nullpoints.html */,
				67D8238A2FFF955C00892511 /* octo.html */,
				6761C92930498E2A0050EC58 /* one-false-step.html */,
				6731DF27300FD9510070AC8B /* privacy.html */,
				67C56409300CD0C200D2D146 /* scopa.html */,
				6761C93C304999900050EC58 /* sea-battle.html */,
				67D8239C2FFFA7ED00892511 /* solitaire.html */,
				6761C92D30498EF10050EC58 /* solitaire-tower.html */,
				6761C9173049700B0050EC58 /* spinny-letters.html */,
				6731DF2B300FDCA90070AC8B /* support.html */,
				6731DF2D300FDEF70070AC8B /* trophies.html */,
				6761C931304995620050EC58 /* word-points.html */,
				6761C913304969DD0050EC58 /* word-guess.html */,
				AA0000000000000000000001 /* welcome.png */,
				6703E67C3007A173000B3226 /* icon_2048.png */,
				67D823B22FFFBBEC00892511 /* icon_anagram-crosswords.png */,
				67050085303DD9D30096E2BC /* icon_arrowexit.png */,
				67050095303DDFB80096E2BC /* icon_arrowshapes.png */,
				67050093303DDD240096E2BC /* icon_billiards.png */,
				67D823A02FFFAD1C00892511 /* icon_bubbleshooter.png */,
				6761C92530498D240050EC58 /* icon_cat-poopers.png */,
				67D823902FFFA1EB00892511 /* icon_checkers.png */,
				67D823912FFFA1EB00892511 /* icon_chess.png */,
				6761C9353049962A0050EC58 /* icon_cup-run.png */,
				6761C91D30497A1A0050EC58 /* icon_empty-hand.png */,
				6761C939304999900050EC58 /* icon_five-dice.png */,
				6761C93A304999900050EC58 /* icon_frog-jump.png */,
				67C56403300CD0A600D2D146 /* icon_Ludo.png */,
				6761C90F30495EC50050EC58 /* icon_nullpoints.png */,
				67D823862FFEDC9900892511 /* icon_octo.png */,
				6761C92B30498E3F0050EC58 /* icon_one-false-step.png */,
				67C56405300CD0AF00D2D146 /* icon_scopa.png */,
				6761C93B304999900050EC58 /* icon_sea-battle.png */,
				67D8239E2FFFA7F800892511 /* icon_solitaire.png */,
				6761C92F30498EFD0050EC58 /* icon_solitaire-tower.png */,
				6761C91530496FFC0050EC58 /* icon_spinny-letters.png */,
				6761C933304995740050EC58 /* icon_word-points.png */,
				6761C911304969D20050EC58 /* icon_wordguess.png */,
				67D8239A2FFFA51400892511 /* Assets.xcassets */,
			);
			path = GamesGarden;
			sourceTree = "<group>";
		};
/* End PBXGroup section */

/* Begin PBXNativeTarget section */
		D19999999999999999999991 /* GamesGarden */ = {
			isa = PBXNativeTarget;
			buildConfigurationList = E19999999999999999999992 /* Build configuration list for PBXNativeTarget "GamesGarden" */;
			buildPhases = (
				B19999999999999999999991 /* Sources */,
				B19999999999999999999993 /* Frameworks */,
				B19999999999999999999992 /* Resources */,
			);
			buildRules = (
			);
			dependencies = (
			);
			name = GamesGarden;
			productName = GamesGarden;
			productReference = F19999999999999999999999 /* GamesGarden.app */;
			productType = "com.apple.product-type.application";
		};
/* End PBXNativeTarget section */

/* Begin PBXProject section */
		D19999999999999999999992 /* Project object */ = {
			isa = PBXProject;
			attributes = {
				BuildIndependentTargetsInParallel = 1;
				LastSwiftUpdateCheck = 1500;
				LastUpgradeCheck = 1500;
				TargetAttributes = {
					D19999999999999999999991 = {
						CreatedOnToolsVersion = 15.0;
					};
				};
			};
			buildConfigurationList = E19999999999999999999991 /* Build configuration list for PBXProject "GamesGarden" */;
			compatibilityVersion = "Xcode 14.0";
			developmentRegion = en;
			hasScannedForEncodings = 0;
			knownRegions = (
				en,
				Base,
			);
			mainGroup = C19999999999999999999991;
			productRefGroup = C19999999999999999999992 /* Products */;
			projectDirPath = "";
			projectRoot = "";
			targets = (
				D19999999999999999999991 /* GamesGarden */,
			);
		};
/* End PBXProject section */

/* Begin PBXResourcesBuildPhase section */
		B19999999999999999999992 /* Resources */ = {
			isa = PBXResourcesBuildPhase;
			buildActionMask = 2147483647;
			files = (
				67C56406300CD0AF00D2D146 /* icon_scopa.png in Resources */,
				67050094303DDD240096E2BC /* icon_billiards.png in Resources */,
				6761C914304969DD0050EC58 /* word-guess.html in Resources */,
				6731DF30300FDF040070AC8B /* achievements.js in Resources */,
				6761C9183049700B0050EC58 /* spinny-letters.html in Resources */,
				6761C934304995740050EC58 /* icon_word-points.png in Resources */,
				6731DF2E300FDEF70070AC8B /* trophies.html in Resources */,
				6731DF2C300FDCA90070AC8B /* support.html in Resources */,
				67D8239F2FFFA7F800892511 /* icon_solitaire.png in Resources */,
				6761C9363049962A0050EC58 /* icon_cup-run.png in Resources */,
				67D823A12FFFAD1C00892511 /* icon_bubbleshooter.png in Resources */,
				6705008C303DDA090096E2BC /* arrow-exit.html in Resources */,
				67C5640C300CD3C900D2D146 /* index.html in Resources */,
				6761C92E30498EF10050EC58 /* solitaire-tower.html in Resources */,
				6761C912304969D20050EC58 /* icon_wordguess.png in Resources */,
				6761C92630498D240050EC58 /* icon_cat-poopers.png in Resources */,
				67050096303DDFB80096E2BC /* icon_arrowshapes.png in Resources */,
				6761C92A30498E2A0050EC58 /* one-false-step.html in Resources */,
				67C56408300CD0BA00D2D146 /* ludo.html in Resources */,
				67D823872FFEDC9900892511 /* icon_octo.png in Resources */,
				67D823922FFFA1EB00892511 /* icon_checkers.png in Resources */,
				67050092303DDCB10096E2BC /* billiards.html in Resources */,
				6761C90E30495EB70050EC58 /* nullpoints.html in Resources */,
				67D823932FFFA1EB00892511 /* icon_chess.png in Resources */,
				6761C92830498D320050EC58 /* cat-poopers.html in Resources */,
				6761C93030498EFD0050EC58 /* icon_solitaire-tower.png in Resources */,
				6731DF28300FD9510070AC8B /* privacy.html in Resources */,
				6703E67F3007A17A000B3226 /* 2048-merge-blocks.html in Resources */,
				6703E67D3007A173000B3226 /* icon_2048.png in Resources */,
				6761C93D304999900050EC58 /* icon_sea-battle.png in Resources */,
				6761C93E304999900050EC58 /* frog-jump.html in Resources */,
				6761C93F304999900050EC58 /* icon_frog-jump.png in Resources */,
				6761C940304999900050EC58 /* sea-battle.html in Resources */,
				6761C941304999900050EC58 /* five-dice.html in Resources */,
				6761C942304999900050EC58 /* icon_five-dice.png in Resources */,
				67D823A32FFFAD7700892511 /* bubbleshooter.html in Resources */,
				67D8238E2FFFA18C00892511 /* chess.html in Resources */,
				67D8239B2FFFA51400892511 /* Assets.xcassets in Resources */,
				6761C932304995620050EC58 /* word-points.html in Resources */,
				67D8238F2FFFA18C00892511 /* checkers.html in Resources */,
				6761C91030495EC50050EC58 /* icon_nullpoints.png in Resources */,
				67C56404300CD0A600D2D146 /* icon_Ludo.png in Resources */,
				6761C92230497A3B0050EC58 /* empty-hand.html in Resources */,
				67E1D1F730261BB3002AEE31 /* england-football-coach.html in Resources */,
				67050098303DDFC80096E2BC /* arrow-exit-shapes.html in Resources */,
				67D8239D2FFFA7ED00892511 /* solitaire.html in Resources */,
				6761C91E30497A1A0050EC58 /* icon_empty-hand.png in Resources */,
				67D8238B2FFF955C00892511 /* octo.html in Resources */,
				AA000000000000000000000F /* welcome.png in Resources */,
				6761C92C30498E3F0050EC58 /* icon_one-false-step.png in Resources */,
				67050086303DD9D30096E2BC /* icon_arrowexit.png in Resources */,
				6761C91630496FFC0050EC58 /* icon_spinny-letters.png in Resources */,
				67D823AD2FFFBBCD00892511 /* anagram-crosswords.html in Resources */,
				67C5640A300CD0C200D2D146 /* scopa.html in Resources */,
				67D823B32FFFBBEC00892511 /* icon_anagram-crosswords.png in Resources */,
			);
			runOnlyForDeploymentPostprocessing = 0;
		};
/* End PBXResourcesBuildPhase section */

/* Begin PBXSourcesBuildPhase section */
		B19999999999999999999991 /* Sources */ = {
			isa = PBXSourcesBuildPhase;
			buildActionMask = 2147483647;
			files = (
				AA0000000000000000000002 /* GamesGardenApp.swift in Sources */,
				AA0000000000000000000008 /* ContentView.swift in Sources */,
			);
			runOnlyForDeploymentPostprocessing = 0;
		};
/* End PBXSourcesBuildPhase section */

/* Begin XCBuildConfiguration section */
		E19999999999999999999993 /* Debug */ = {
			isa = XCBuildConfiguration;
			buildSettings = {
				ALWAYS_SEARCH_USER_PATHS = NO;
				CLANG_ENABLE_MODULES = YES;
				CLANG_ENABLE_OBJC_ARC = YES;
				COPY_PHASE_STRIP = NO;
				DEBUG_INFORMATION_FORMAT = dwarf;
				ENABLE_TESTABILITY = YES;
				GCC_C_LANGUAGE_STANDARD = gnu17;
				GCC_OPTIMIZATION_LEVEL = 0;
				GCC_PREPROCESSOR_DEFINITIONS = (
					"DEBUG=1",
					"$(inherited)",
				);
				IPHONEOS_DEPLOYMENT_TARGET = 16.0;
				ONLY_ACTIVE_ARCH = YES;
				SDKROOT = iphoneos;
				SWIFT_ACTIVE_COMPILATION_CONDITIONS = "DEBUG $(inherited)";
				SWIFT_OPTIMIZATION_LEVEL = "-Onone";
			};
			name = Debug;
		};
		E19999999999999999999994 /* Release */ = {
			isa = XCBuildConfiguration;
			buildSettings = {
				ALWAYS_SEARCH_USER_PATHS = NO;
				CLANG_ENABLE_MODULES = YES;
				CLANG_ENABLE_OBJC_ARC = YES;
				COPY_PHASE_STRIP = NO;
				DEBUG_INFORMATION_FORMAT = "dwarf-with-dsym";
				ENABLE_NS_ASSERTIONS = NO;
				GCC_C_LANGUAGE_STANDARD = gnu17;
				IPHONEOS_DEPLOYMENT_TARGET = 16.0;
				SDKROOT = iphoneos;
				SWIFT_COMPILATION_MODE = wholemodule;
				VALIDATE_PRODUCT = YES;
			};
			name = Release;
		};
		E19999999999999999999995 /* Debug */ = {
			isa = XCBuildConfiguration;
			buildSettings = {
				ASSETCATALOG_COMPILER_APPICON_NAME = AppIcon;
				CODE_SIGN_STYLE = Automatic;
				CURRENT_PROJECT_VERSION = 1;
				DEVELOPMENT_TEAM = 59H7A8BRFT;
				ENABLE_PREVIEWS = YES;
				GENERATE_INFOPLIST_FILE = YES;
				INFOPLIST_KEY_CFBundleDisplayName = "Offline Games Arcade";
				INFOPLIST_KEY_UIApplicationSupportsIndirectInputEvents = YES;
				INFOPLIST_KEY_UILaunchScreen_Generation = YES;
				INFOPLIST_KEY_UIRequiresFullScreen = YES;
				INFOPLIST_KEY_UIStatusBarHidden = YES;
				INFOPLIST_KEY_UISupportedInterfaceOrientations = "UIInterfaceOrientationLandscapeLeft UIInterfaceOrientationLandscapeRight UIInterfaceOrientationPortrait UIInterfaceOrientationPortraitUpsideDown";
				LD_RUNPATH_SEARCH_PATHS = (
					"$(inherited)",
					"@executable_path/Frameworks",
				);
				MARKETING_VERSION = 1.0;
				PRODUCT_BUNDLE_IDENTIFIER = com.jeevan.gamesgarden;
				PRODUCT_NAME = "$(TARGET_NAME)";
				SWIFT_EMIT_LOC_STRINGS = YES;
				SWIFT_VERSION = 5.0;
				TARGETED_DEVICE_FAMILY = "1,2";
			};
			name = Debug;
		};
		E19999999999999999999996 /* Release */ = {
			isa = XCBuildConfiguration;
			buildSettings = {
				ASSETCATALOG_COMPILER_APPICON_NAME = AppIcon;
				CODE_SIGN_STYLE = Automatic;
				CURRENT_PROJECT_VERSION = 1;
				DEVELOPMENT_TEAM = 59H7A8BRFT;
				ENABLE_PREVIEWS = YES;
				GENERATE_INFOPLIST_FILE = YES;
				INFOPLIST_KEY_CFBundleDisplayName = "Offline Games Arcade";
				INFOPLIST_KEY_UIApplicationSupportsIndirectInputEvents = YES;
				INFOPLIST_KEY_UILaunchScreen_Generation = YES;
				INFOPLIST_KEY_UIRequiresFullScreen = YES;
				INFOPLIST_KEY_UIStatusBarHidden = YES;
				INFOPLIST_KEY_UISupportedInterfaceOrientations = "UIInterfaceOrientationLandscapeLeft UIInterfaceOrientationLandscapeRight UIInterfaceOrientationPortrait UIInterfaceOrientationPortraitUpsideDown";
				LD_RUNPATH_SEARCH_PATHS = (
					"$(inherited)",
					"@executable_path/Frameworks",
				);
				MARKETING_VERSION = 1.0;
				PRODUCT_BUNDLE_IDENTIFIER = com.jeevan.gamesgarden;
				PRODUCT_NAME = "$(TARGET_NAME)";
				SWIFT_EMIT_LOC_STRINGS = YES;
				SWIFT_VERSION = 5.0;
				TARGETED_DEVICE_FAMILY = "1,2";
			};
			name = Release;
		};
/* End XCBuildConfiguration section */

/* Begin XCConfigurationList section */
		E19999999999999999999991 /* Build configuration list for PBXProject "GamesGarden" */ = {
			isa = XCConfigurationList;
			buildConfigurations = (
				E19999999999999999999993 /* Debug */,
				E19999999999999999999994 /* Release */,
			);
			defaultConfigurationIsVisible = 0;
			defaultConfigurationName = Release;
		};
		E19999999999999999999992 /* Build configuration list for PBXNativeTarget "GamesGarden" */ = {
			isa = XCConfigurationList;
			buildConfigurations = (
				E19999999999999999999995 /* Debug */,
				E19999999999999999999996 /* Release */,
			);
			defaultConfigurationIsVisible = 0;
			defaultConfigurationName = Release;
		};
/* End XCConfigurationList section */
	};
	rootObject = D19999999999999999999992 /* Project object */;
}
